// !$*UTF8*$!
{
	archiveVersion = 1;
	classes = {
	};
	objectVersion = 56;
	objects = {

/* Begin PBXBuildFile section */
		4602D30C2B0013B500D77BF3 /* SDL2.framework in Frameworks */ = {isa = PBXBuildFile; fileRef = 4602D30B2B0013B500D77BF3 /* SDL2.framework */; };
		4602D30E2B00142D00D77BF3 /* SDL2.framework in Embed Frameworks */ = {isa = PBXBuildFile; fileRef = 4602D30B2B0013B500D77BF3 /* SDL2.framework */; settings = {ATTRIBUTES = (CodeSignOnCopy, RemoveHeadersOnCopy, ); }; };
		46414AC42B152C5D0059D0BB /* host.cpp in Sources */ = {isa = PBXBuildFile; fileRef = 46414AC22B152C5D0059D0BB /* host.cpp */; };
		464EB82B2B11E5C20066BF92 /* debugger.cpp in Sources */ = {isa = PBXBuildFile; fileRef = 464EB8292B11E5C20066BF92 /* debugger.cpp */; };
		4665DC722B0EAC06001F3D4F /* mmu.cpp in Sources */ = {isa = PBXBuildFile; fileRef = 4665DC702B0EAC06001F3D4F /* mmu.cpp */; };
		466AC00A2AFC218200ACA0CE /* Assets.xcassets in Resources */ = {isa = PBXBuildFile; fileRef = 466AC0092AFC218200ACA0CE /* Assets.xcassets */; };
		466AC00D2AFC218200ACA0CE /* Preview Assets.xcassets in Resources */ = {isa = PBXBuildFile; fileRef = 466AC00C2AFC218200ACA0CE /* Preview Assets.xcassets */; };
		466AC0162AFC220900ACA0CE /* main.cpp in Sources */ = {isa = PBXBuildFile; fileRef = 466AC0152AFC220900ACA0CE /* main.cpp */; };
		466AC02A2AFC304800ACA0CE /* blitter.cpp in Sources */ = {isa = PBXBuildFile; fileRef = 466AC0292AFC304800ACA0CE /* blitter.cpp */; };
		46F181592B00E79800E7FDC8 /* mc6809_disassembler.cpp in Sources */ = {isa = PBXBuildFile; fileRef = 46F181542B00E79800E7FDC8 /* mc6809_disassembler.cpp */; };
		46F1815A2B00E79800E7FDC8 /* mc6809_instructions.cpp in Sources */ = {isa = PBXBuildFile; fileRef = 46F181552B00E79800E7FDC8 /* mc6809_instructions.cpp */; };
		46F1815B2B00E79800E7FDC8 /* mc6809_addressing_modes.cpp in Sources */ = {isa = PBXBuildFile; fileRef = 46F181572B00E79800E7FDC8 /* mc6809_addressing_modes.cpp */; };
		46F1815C2B00E79800E7FDC8 /* mc6809.cpp in Sources */ = {isa = PBXBuildFile; fileRef = 46F181582B00E79800E7FDC8 /* mc6809.cpp */; };
		46F88A7A2B0E5A1E00579C05 /* core.cpp in Sources */ = {isa = PBXBuildFile; fileRef = 46F88A792B0E5A1E00579C05 /* core.cpp */; };
/* End PBXBuildFile section */

/* Begin PBXCopyFilesBuildPhase section */
		466AC01F2AFC280B00ACA0CE /* Embed Frameworks */ = {
			isa = PBXCopyFilesBuildPhase;
			buildActionMask = 2147483647;
			dstPath = "";
			dstSubfolderSpec = 10;
			files = (
				4602D30E2B00142D00D77BF3 /* SDL2.framework in Embed Frameworks */,
			);
			name = "Embed Frameworks";
			runOnlyForDeploymentPostprocessing = 0;
		};
/* End PBXCopyFilesBuildPhase section */

/* Begin PBXFileReference section */
		4602D30B2B0013B500D77BF3 /* SDL2.framework */ = {isa = PBXFileReference; lastKnownFileType = wrapper.framework; name = SDL2.framework; path = ../../../../../Library/Frameworks/SDL2.framework; sourceTree = "<group>"; };
		46414AC22B152C5D0059D0BB /* host.cpp */ = {isa = PBXFileReference; fileEncoding = 4; lastKnownFileType = sourcecode.cpp.cpp; name = host.cpp; path = ../../src/host/host.cpp; sourceTree = "<group>"; };
		46414AC32B152C5D0059D0BB /* host.hpp */ = {isa = PBXFileReference; fileEncoding = 4; lastKnownFileType = sourcecode.cpp.h; name = host.hpp; path = ../../src/host/host.hpp; sourceTree = "<group>"; };
		464EB8292B11E5C20066BF92 /* debugger.cpp */ = {isa = PBXFileReference; fileEncoding = 4; lastKnownFileType = sourcecode.cpp.cpp; name = debugger.cpp; path = ../../src/debugger/debugger.cpp; sourceTree = "<group>"; };
		464EB82A2B11E5C20066BF92 /* debugger.hpp */ = {isa = PBXFileReference; fileEncoding = 4; lastKnownFileType = sourcecode.cpp.h; name = debugger.hpp; path = ../../src/debugger/debugger.hpp; sourceTree = "<group>"; };
		4665DC702B0EAC06001F3D4F /* mmu.cpp */ = {isa = PBXFileReference; fileEncoding = 4; lastKnownFileType = sourcecode.cpp.cpp; name = mmu.cpp; path = ../../src/mmu/mmu.cpp; sourceTree = "<group>"; };
		4665DC712B0EAC06001F3D4F /* mmu.hpp */ = {isa = PBXFileReference; fileEncoding = 4; lastKnownFileType = sourcecode.cpp.h; name = mmu.hpp; path = ../../src/mmu/mmu.hpp; sourceTree = "<group>"; };
		466AC0022AFC218100ACA0CE /* punch.app */ = {isa = PBXFileReference; explicitFileType = wrapper.application; includeInIndex = 0; path = punch.app; sourceTree = BUILT_PRODUCTS_DIR; };
		466AC0092AFC218200ACA0CE /* Assets.xcassets */ = {isa = PBXFileReference; lastKnownFileType = folder.assetcatalog; path = Assets.xcassets; sourceTree = "<group>"; };
		466AC00C2AFC218200ACA0CE /* Preview Assets.xcassets */ = {isa = PBXFileReference; lastKnownFileType = folder.assetcatalog; path = "Preview Assets.xcassets"; sourceTree = "<group>"; };
		466AC00E2AFC218200ACA0CE /* punch.entitlements */ = {isa = PBXFileReference; lastKnownFileType = text.plist.entitlements; path = punch.entitlements; sourceTree = "<group>"; };
		466AC0152AFC220900ACA0CE /* main.cpp */ = {isa = PBXFileReference; fileEncoding = 4; lastKnownFileType = sourcecode.cpp.cpp; name = main.cpp; path = ../../src/main.cpp; sourceTree = "<group>"; };
		466AC0232AFC29B100ACA0CE /* common.hpp */ = {isa = PBXFileReference; fileEncoding = 4; lastKnownFileType = sourcecode.cpp.h; name = common.hpp; path = ../../src/common.hpp; sourceTree = "<group>"; };
		466AC0292AFC304800ACA0CE /* blitter.cpp */ = {isa = PBXFileReference; fileEncoding = 4; lastKnownFileType = sourcecode.cpp.cpp; name = blitter.cpp; path = ../../src/blitter/blitter.cpp; sourceTree = "<group>"; };
		466AC02B2AFC31F100ACA0CE /* blitter.hpp */ = {isa = PBXFileReference; fileEncoding = 4; lastKnownFileType = sourcecode.cpp.h; name = blitter.hpp; path = ../../src/blitter/blitter.hpp; sourceTree = "<group>"; };
		46F181542B00E79800E7FDC8 /* mc6809_disassembler.cpp */ = {isa = PBXFileReference; fileEncoding = 4; lastKnownFileType = sourcecode.cpp.cpp; name = mc6809_disassembler.cpp; path = ../../src/MC6809/mc6809_disassembler.cpp; sourceTree = "<group>"; };
		46F181552B00E79800E7FDC8 /* mc6809_instructions.cpp */ = {isa = PBXFileReference; fileEncoding = 4; lastKnownFileType = sourcecode.cpp.cpp; name = mc6809_instructions.cpp; path = ../../src/MC6809/mc6809_instructions.cpp; sourceTree = "<group>"; };
		46F181562B00E79800E7FDC8 /* mc6809.hpp */ = {isa = PBXFileReference; fileEncoding = 4; lastKnownFileType = sourcecode.cpp.h; name = mc6809.hpp; path = ../../src/MC6809/mc6809.hpp; sourceTree = "<group>"; };
		46F181572B00E79800E7FDC8 /* mc6809_addressing_modes.cpp */ = {isa = PBXFileReference; fileEncoding = 4; lastKnownFileType = sourcecode.cpp.cpp; name = mc6809_addressing_modes.cpp; path = ../../src/MC6809/mc6809_addressing_modes.cpp; sourceTree = "<group>"; };
		46F181582B00E79800E7FDC8 /* mc6809.cpp */ = {isa = PBXFileReference; fileEncoding = 4; lastKnownFileType = sourcecode.cpp.cpp; name = mc6809.cpp; path = ../../src/MC6809/mc6809.cpp; sourceTree = "<group>"; };
		46F88A782B0E5A1E00579C05 /* core.hpp */ = {isa = PBXFileReference; fileEncoding = 4; lastKnownFileType = sourcecode.cpp.h; name = core.hpp; path = ../../src/core/core.hpp; sourceTree = "<group>"; };
		46F88A792B0E5A1E00579C05 /* core.cpp */ = {isa = PBXFileReference; fileEncoding = 4; lastKnownFileType = sourcecode.cpp.cpp; name = core.cpp; path = ../../src/core/core.cpp; sourceTree = "<group>"; };
/* End PBXFileReference section */

/* Begin PBXFrameworksBuildPhase section */
		466ABFFF2AFC218100ACA0CE /* Frameworks */ = {
			isa = PBXFrameworksBuildPhase;
			buildActionMask = 2147483647;
			files = (
				4602D30C2B0013B500D77BF3 /* SDL2.framework in Frameworks */,
			);
			runOnlyForDeploymentPostprocessing = 0;
		};
/* End PBXFrameworksBuildPhase section */

/* Begin PBXGroup section */
		464875E72B115307000A92CD /* debugger */ = {
			isa = PBXGroup;
			children = (
				464EB82A2B11E5C20066BF92 /* debugger.hpp */,
				464EB8292B11E5C20066BF92 /* debugger.cpp */,
			);
			name = debugger;
			sourceTree = "<group>";
		};
		4665DC6F2B0EABC5001F3D4F /* mmu */ = {
			isa = PBXGroup;
			children = (
				4665DC712B0EAC06001F3D4F /* mmu.hpp */,
				4665DC702B0EAC06001F3D4F /* mmu.cpp */,
			);
			name = mmu;
			sourceTree = "<group>";
		};
		466ABFF92AFC218100ACA0CE = {
			isa = PBXGroup;
			children = (
				466AC0042AFC218100ACA0CE /* punch */,
				466AC0032AFC218100ACA0CE /* Products */,
				466AC01B2AFC25A500ACA0CE /* Frameworks */,
			);
			sourceTree = "<group>";
		};
		466AC0032AFC218100ACA0CE /* Products */ = {
			isa = PBXGroup;
			children = (
				466AC0022AFC218100ACA0CE /* punch.app */,
			);
			name = Products;
			sourceTree = "<group>";
		};
		466AC0042AFC218100ACA0CE /* punch */ = {
			isa = PBXGroup;
			children = (
				466AC0142AFC219C00ACA0CE /* src */,
				466AC0092AFC218200ACA0CE /* Assets.xcassets */,
				466AC00E2AFC218200ACA0CE /* punch.entitlements */,
				466AC00B2AFC218200ACA0CE /* Preview Content */,
			);
			path = punch;
			sourceTree = "<group>";
		};
		466AC00B2AFC218200ACA0CE /* Preview Content */ = {
			isa = PBXGroup;
			children = (
				466AC00C2AFC218200ACA0CE /* Preview Assets.xcassets */,
			);
			path = "Preview Content";
			sourceTree = "<group>";
		};
		466AC0142AFC219C00ACA0CE /* src */ = {
			isa = PBXGroup;
			children = (
				466AC0272AFC2F1400ACA0CE /* blitter */,
				46F88A772B0E59D600579C05 /* core */,
				464875E72B115307000A92CD /* debugger */,
				466AC0222AFC295300ACA0CE /* host */,
				46F181532B00E77E00E7FDC8 /* MC6809 */,
				4665DC6F2B0EABC5001F3D4F /* mmu */,
				466AC0152AFC220900ACA0CE /* main.cpp */,
				466AC0232AFC29B100ACA0CE /* common.hpp */,
			);
			name = src;
			sourceTree = "<group>";
		};
		466AC01B2AFC25A500ACA0CE /* Frameworks */ = {
			isa = PBXGroup;
			children = (
				4602D30B2B0013B500D77BF3 /* SDL2.framework */,
			);
			name = Frameworks;
			sourceTree = "<group>";
		};
		466AC0222AFC295300ACA0CE /* host */ = {
			isa = PBXGroup;
			children = (
				46414AC32B152C5D0059D0BB /* host.hpp */,
				46414AC22B152C5D0059D0BB /* host.cpp */,
			);
			name = host;
			sourceTree = "<group>";
		};
		466AC0272AFC2F1400ACA0CE /* blitter */ = {
			isa = PBXGroup;
			children = (
				466AC02B2AFC31F100ACA0CE /* blitter.hpp */,
				466AC0292AFC304800ACA0CE /* blitter.cpp */,
			);
			name = blitter;
			sourceTree = "<group>";
		};
		46F181532B00E77E00E7FDC8 /* MC6809 */ = {
			isa = PBXGroup;
			children = (
				46F181562B00E79800E7FDC8 /* mc6809.hpp */,
				46F181582B00E79800E7FDC8 /* mc6809.cpp */,
				46F181572B00E79800E7FDC8 /* mc6809_addressing_modes.cpp */,
				46F181542B00E79800E7FDC8 /* mc6809_disassembler.cpp */,
				46F181552B00E79800E7FDC8 /* mc6809_instructions.cpp */,
			);
			name = MC6809;
			sourceTree = "<group>";
		};
		46F88A772B0E59D600579C05 /* core */ = {
			isa = PBXGroup;
			children = (
				46F88A782B0E5A1E00579C05 /* core.hpp */,
				46F88A792B0E5A1E00579C05 /* core.cpp */,
			);
			name = core;
			sourceTree = "<group>";
		};
/* End PBXGroup section */

/* Begin PBXNativeTarget section */
		466AC0012AFC218100ACA0CE /* punch */ = {
			isa = PBXNativeTarget;
			buildConfigurationList = 466AC0112AFC218200ACA0CE /* Build configuration list for PBXNativeTarget "punch" */;
			buildPhases = (
				466ABFFE2AFC218100ACA0CE /* Sources */,
				466ABFFF2AFC218100ACA0CE /* Frameworks */,
				466AC0002AFC218100ACA0CE /* Resources */,
				466AC01F2AFC280B00ACA0CE /* Embed Frameworks */,
			);
			buildRules = (
			);
			dependencies = (
			);
			name = punch;
			productName = punch;
			productReference = 466AC0022AFC218100ACA0CE /* punch.app */;
			productType = "com.apple.product-type.application";
		};
/* End PBXNativeTarget section */

/* Begin PBXProject section */
		466ABFFA2AFC218100ACA0CE /* Project object */ = {
			isa = PBXProject;
			attributes = {
				BuildIndependentTargetsInParallel = 1;
				LastSwiftUpdateCheck = 1500;
				LastUpgradeCheck = 1500;
				TargetAttributes = {
					466AC0012AFC218100ACA0CE = {
						CreatedOnToolsVersion = 15.0.1;
					};
				};
			};
			buildConfigurationList = 466ABFFD2AFC218100ACA0CE /* Build configuration list for PBXProject "punch" */;
			compatibilityVersion = "Xcode 14.0";
			developmentRegion = en;
			hasScannedForEncodings = 0;
			knownRegions = (
				en,
				Base,
			);
			mainGroup = 466ABFF92AFC218100ACA0CE;
			productRefGroup = 466AC0032AFC218100ACA0CE /* Products */;
			projectDirPath = "";
			projectRoot = "";
			targets = (
				466AC0012AFC218100ACA0CE /* punch */,
			);
		};
/* End PBXProject section */

/* Begin PBXResourcesBuildPhase section */
		466AC0002AFC218100ACA0CE /* Resources */ = {
			isa = PBXResourcesBuildPhase;
			buildActionMask = 2147483647;
			files = (
				466AC00D2AFC218200ACA0CE /* Preview Assets.xcassets in Resources */,
				466AC00A2AFC218200ACA0CE /* Assets.xcassets in Resources */,
			);
			runOnlyForDeploymentPostprocessing = 0;
		};
/* End PBXResourcesBuildPhase section */

/* Begin PBXSourcesBuildPhase section */
		466ABFFE2AFC218100ACA0CE /* Sources */ = {
			isa = PBXSourcesBuildPhase;
			buildActionMask = 2147483647;
			files = (
				46F1815A2B00E79800E7FDC8 /* mc6809_instructions.cpp in Sources */,
				46F1815B2B00E79800E7FDC8 /* mc6809_addressing_modes.cpp in Sources */,
				46F181592B00E79800E7FDC8 /* mc6809_disassembler.cpp in Sources */,
				46414AC42B152C5D0059D0BB /* host.cpp in Sources */,
				46F1815C2B00E79800E7FDC8 /* mc6809.cpp in Sources */,
				466AC0162AFC220900ACA0CE /* main.cpp in Sources */,
				466AC02A2AFC304800ACA0CE /* blitter.cpp in Sources */,
				46F88A7A2B0E5A1E00579C05 /* core.cpp in Sources */,
				464EB82B2B11E5C20066BF92 /* debugger.cpp in Sources */,
				4665DC722B0EAC06001F3D4F /* mmu.cpp in Sources */,
			);
			runOnlyForDeploymentPostprocessing = 0;
		};
/* End PBXSourcesBuildPhase section */

/* Begin XCBuildConfiguration section */
		466AC00F2AFC218200ACA0CE /* Debug */ = {
			isa = XCBuildConfiguration;
			buildSettings = {
				ALWAYS_SEARCH_USER_PATHS = NO;
				ASSETCATALOG_COMPILER_GENERATE_SWIFT_ASSET_SYMBOL_EXTENSIONS = YES;
				CLANG_ANALYZER_NONNULL = YES;
				CLANG_ANALYZER_NUMBER_OBJECT_CONVERSION = YES_AGGRESSIVE;
				CLANG_CXX_LANGUAGE_STANDARD = "gnu++20";
				CLANG_ENABLE_MODULES = YES;
				CLANG_ENABLE_OBJC_ARC = YES;
				CLANG_ENABLE_OBJC_WEAK = YES;
				CLANG_WARN_BLOCK_CAPTURE_AUTORELEASING = YES;
				CLANG_WARN_BOOL_CONVERSION = YES;
				CLANG_WARN_COMMA = YES;
				CLANG_WARN_CONSTANT_CONVERSION = YES;
				CLANG_WARN_DEPRECATED_OBJC_IMPLEMENTATIONS = YES;
				CLANG_WARN_DIRECT_OBJC_ISA_USAGE = YES_ERROR;
				CLANG_WARN_DOCUMENTATION_COMMENTS = YES;
				CLANG_WARN_EMPTY_BODY = YES;
				CLANG_WARN_ENUM_CONVERSION = YES;
				CLANG_WARN_INFINITE_RECURSION = YES;
				CLANG_WARN_INT_CONVERSION = YES;
				CLANG_WARN_NON_LITERAL_NULL_CONVERSION = YES;
				CLANG_WARN_OBJC_IMPLICIT_RETAIN_SELF = YES;
				CLANG_WARN_OBJC_LITERAL_CONVERSION = YES;
				CLANG_WARN_OBJC_ROOT_CLASS = YES_ERROR;
				CLANG_WARN_QUOTED_INCLUDE_IN_FRAMEWORK_HEADER = YES;
				CLANG_WARN_RANGE_LOOP_ANALYSIS = YES;
				CLANG_WARN_STRICT_PROTOTYPES = YES;
				CLANG_WARN_SUSPICIOUS_MOVE = YES;
				CLANG_WARN_UNGUARDED_AVAILABILITY = YES_AGGRESSIVE;
				CLANG_WARN_UNREACHABLE_CODE = YES;
				CLANG_WARN__DUPLICATE_METHOD_MATCH = YES;
				COPY_PHASE_STRIP = NO;
				DEBUG_INFORMATION_FORMAT = dwarf;
				ENABLE_STRICT_OBJC_MSGSEND = YES;
				ENABLE_TESTABILITY = YES;
				ENABLE_USER_SCRIPT_SANDBOXING = YES;
				GCC_C_LANGUAGE_STANDARD = gnu17;
				GCC_DYNAMIC_NO_PIC = NO;
				GCC_NO_COMMON_BLOCKS = YES;
				GCC_OPTIMIZATION_LEVEL = 0;
				GCC_PREPROCESSOR_DEFINITIONS = (
					"DEBUG=1",
					"$(inherited)",
				);
				GCC_WARN_64_TO_32_BIT_CONVERSION = YES;
				GCC_WARN_ABOUT_RETURN_TYPE = YES_ERROR;
				GCC_WARN_UNDECLARED_SELECTOR = YES;
				GCC_WARN_UNINITIALIZED_AUTOS = YES_AGGRESSIVE;
				GCC_WARN_UNUSED_FUNCTION = YES;
				GCC_WARN_UNUSED_VARIABLE = YES;
				LOCALIZATION_PREFERS_STRING_CATALOGS = YES;
				MACOSX_DEPLOYMENT_TARGET = 14.0;
				MTL_ENABLE_DEBUG_INFO = INCLUDE_SOURCE;
				MTL_FAST_MATH = YES;
				ONLY_ACTIVE_ARCH = YES;
				SDKROOT = macosx;
				SWIFT_ACTIVE_COMPILATION_CONDITIONS = "DEBUG $(inherited)";
				SWIFT_OPTIMIZATION_LEVEL = "-Onone";
			};
			name = Debug;
		};
		466AC0102AFC218200ACA0CE /* Release */ = {
			isa = XCBuildConfiguration;
			buildSettings = {
				ALWAYS_SEARCH_USER_PATHS = NO;
				ASSETCATALOG_COMPILER_GENERATE_SWIFT_ASSET_SYMBOL_EXTENSIONS = YES;
				CLANG_ANALYZER_NONNULL = YES;
				CLANG_ANALYZER_NUMBER_OBJECT_CONVERSION = YES_AGGRESSIVE;
				CLANG_CXX_LANGUAGE_STANDARD = "gnu++20";
				CLANG_ENABLE_MODULES = YES;
				CLANG_ENABLE_OBJC_ARC = YES;
				CLANG_ENABLE_OBJC_WEAK = YES;
				CLANG_WARN_BLOCK_CAPTURE_AUTORELEASING = YES;
				CLANG_WARN_BOOL_CONVERSION = YES;
				CLANG_WARN_COMMA = YES;
				CLANG_WARN_CONSTANT_CONVERSION = YES;
				CLANG_WARN_DEPRECATED_OBJC_IMPLEMENTATIONS = YES;
				CLANG_WARN_DIRECT_OBJC_ISA_USAGE = YES_ERROR;
				CLANG_WARN_DOCUMENTATION_COMMENTS = YES;
				CLANG_WARN_EMPTY_BODY = YES;
				CLANG_WARN_ENUM_CONVERSION = YES;
				CLANG_WARN_INFINITE_RECURSION = YES;
				CLANG_WARN_INT_CONVERSION = YES;
				CLANG_WARN_NON_LITERAL_NULL_CONVERSION = YES;
				CLANG_WARN_OBJC_IMPLICIT_RETAIN_SELF = YES;
				CLANG_WARN_OBJC_LITERAL_CONVERSION = YES;
				CLANG_WARN_OBJC_ROOT_CLASS = YES_ERROR;
				CLANG_WARN_QUOTED_INCLUDE_IN_FRAMEWORK_HEADER = YES;
				CLANG_WARN_RANGE_LOOP_ANALYSIS = YES;
				CLANG_WARN_STRICT_PROTOTYPES = YES;
				CLANG_WARN_SUSPICIOUS_MOVE = YES;
				CLANG_WARN_UNGUARDED_AVAILABILITY = YES_AGGRESSIVE;
				CLANG_WARN_UNREACHABLE_CODE = YES;
				CLANG_WARN__DUPLICATE_METHOD_MATCH = YES;
				COPY_PHASE_STRIP = NO;
				DEBUG_INFORMATION_FORMAT = "dwarf-with-dsym";
				ENABLE_NS_ASSERTIONS = NO;
				ENABLE_STRICT_OBJC_MSGSEND = YES;
				ENABLE_USER_SCRIPT_SANDBOXING = YES;
				GCC_C_LANGUAGE_STANDARD = gnu17;
				GCC_NO_COMMON_BLOCKS = YES;
				GCC_WARN_64_TO_32_BIT_CONVERSION = YES;
				GCC_WARN_ABOUT_RETURN_TYPE = YES_ERROR;
				GCC_WARN_UNDECLARED_SELECTOR = YES;
				GCC_WARN_UNINITIALIZED_AUTOS = YES_AGGRESSIVE;
				GCC_WARN_UNUSED_FUNCTION = YES;
				GCC_WARN_UNUSED_VARIABLE = YES;
				LOCALIZATION_PREFERS_STRING_CATALOGS = YES;
				MACOSX_DEPLOYMENT_TARGET = 14.0;
				MTL_ENABLE_DEBUG_INFO = NO;
				MTL_FAST_MATH = YES;
				SDKROOT = macosx;
				SWIFT_COMPILATION_MODE = wholemodule;
			};
			name = Release;
		};
		466AC0122AFC218200ACA0CE /* Debug */ = {
			isa = XCBuildConfiguration;
			buildSettings = {
				ASSETCATALOG_COMPILER_APPICON_NAME = AppIcon;
				ASSETCATALOG_COMPILER_GLOBAL_ACCENT_COLOR_NAME = AccentColor;
				CODE_SIGN_ENTITLEMENTS = punch/punch.entitlements;
				CODE_SIGN_STYLE = Automatic;
				COMBINE_HIDPI_IMAGES = YES;
				CURRENT_PROJECT_VERSION = 1;
				DEVELOPMENT_ASSET_PATHS = "\"punch/Preview Content\"";
				DEVELOPMENT_TEAM = HT34RQMQU3;
				ENABLE_HARDENED_RUNTIME = YES;
				ENABLE_PREVIEWS = YES;
				FRAMEWORK_SEARCH_PATHS = (
					"$(inherited)",
					"$(LOCAL_LIBRARY_DIR)/Frameworks",
				);
				GCC_OPTIMIZATION_LEVEL = 0;
				GENERATE_INFOPLIST_FILE = YES;
				INFOPLIST_KEY_NSHumanReadableCopyright = "";
				LD_RUNPATH_SEARCH_PATHS = (
					"$(inherited)",
					"@executable_path/../Frameworks",
				);
				MARKETING_VERSION = 1.0;
				PRODUCT_BUNDLE_IDENTIFIER = com.elmerucr.punch;
				PRODUCT_NAME = "$(TARGET_NAME)";
				SWIFT_EMIT_LOC_STRINGS = YES;
				SWIFT_VERSION = 5.0;
			};
			name = Debug;
		};
		466AC0132AFC218200ACA0CE /* Release */ = {
			isa = XCBuildConfiguration;
			buildSettings = {
				ASSETCATALOG_COMPILER_APPICON_NAME = AppIcon;
				ASSETCATALOG_COMPILER_GLOBAL_ACCENT_COLOR_NAME = AccentColor;
				CODE_SIGN_ENTITLEMENTS = punch/punch.entitlements;
				CODE_SIGN_STYLE = Automatic;
				COMBINE_HIDPI_IMAGES = YES;
				CURRENT_PROJECT_VERSION = 1;
				DEVELOPMENT_ASSET_PATHS = "\"punch/Preview Content\"";
				DEVELOPMENT_TEAM = HT34RQMQU3;
				ENABLE_HARDENED_RUNTIME = YES;
				ENABLE_PREVIEWS = YES;
				FRAMEWORK_SEARCH_PATHS = (
					"$(inherited)",
					"$(LOCAL_LIBRARY_DIR)/Frameworks",
				);
				GENERATE_INFOPLIST_FILE = YES;
				INFOPLIST_KEY_NSHumanReadableCopyright = "";
				LD_RUNPATH_SEARCH_PATHS = (
					"$(inherited)",
					"@executable_path/../Frameworks",
				);
				MARKETING_VERSION = 1.0;
				PRODUCT_BUNDLE_IDENTIFIER = com.elmerucr.punch;
				PRODUCT_NAME = "$(TARGET_NAME)";
				SWIFT_EMIT_LOC_STRINGS = YES;
				SWIFT_VERSION = 5.0;
			};
			name = Release;
		};
/* End XCBuildConfiguration section */

/* Begin XCConfigurationList section */
		466ABFFD2AFC218100ACA0CE /* Build configuration list for PBXProject "punch" */ = {
			isa = XCConfigurationList;
			buildConfigurations = (
				466AC00F2AFC218200ACA0CE /* Debug */,
				466AC0102AFC218200ACA0CE /* Release */,
			);
			defaultConfigurationIsVisible = 0;
			defaultConfigurationName = Release;
		};
		466AC0112AFC218200ACA0CE /* Build configuration list for PBXNativeTarget "punch" */ = {
			isa = XCConfigurationList;
			buildConfigurations = (
				466AC0122AFC218200ACA0CE /* Debug */,
				466AC0132AFC218200ACA0CE /* Release */,
			);
			defaultConfigurationIsVisible = 0;
			defaultConfigurationName = Release;
		};
/* End XCConfigurationList section */
	};
	rootObject = 466ABFFA2AFC218100ACA0CE /* Project object */;
}
