// !$*UTF8*$!
{
	archiveVersion = 1;
	classes = {
	};
	objectVersion = 56;
	objects = {

/* Begin PBXBuildFile section */
		4602D30C2B0013B500D77BF3 /* SDL2.framework in Frameworks */ = {isa = PBXBuildFile; fileRef = 4602D30B2B0013B500D77BF3 /* SDL2.framework */; };
		4602D30E2B00142D00D77BF3 /* SDL2.framework in Embed Frameworks */ = {isa = PBXBuildFile; fileRef = 4602D30B2B0013B500D77BF3 /* SDL2.framework */; settings = {ATTRIBUTES = (CodeSignOnCopy, RemoveHeadersOnCopy, ); }; };
		4614F9F22B2E29F3005C9BE3 /* system.cpp in Sources */ = {isa = PBXBuildFile; fileRef = 4614F9F02B2E29F3005C9BE3 /* system.cpp */; };
		4614F9F52B2E2A70005C9BE3 /* blitter.cpp in Sources */ = {isa = PBXBuildFile; fileRef = 4614F9F42B2E2A70005C9BE3 /* blitter.cpp */; };
		4614F9F82B2E2B76005C9BE3 /* core.cpp in Sources */ = {isa = PBXBuildFile; fileRef = 4614F9F62B2E2B76005C9BE3 /* core.cpp */; };
		461AD6602B2E2642006BAD70 /* exceptions.cpp in Sources */ = {isa = PBXBuildFile; fileRef = 461AD65E2B2E2642006BAD70 /* exceptions.cpp */; };
		464487402B3CD6C4004B04BA /* stats.cpp in Sources */ = {isa = PBXBuildFile; fileRef = 4644873E2B3CD6C4004B04BA /* stats.cpp */; };
		4647EAA42B2E434000D0884E /* debugger.cpp in Sources */ = {isa = PBXBuildFile; fileRef = 4647EAA22B2E434000D0884E /* debugger.cpp */; };
		4647EAA72B2E43BE00D0884E /* host.cpp in Sources */ = {isa = PBXBuildFile; fileRef = 4647EAA52B2E43BE00D0884E /* host.cpp */; };
		4647EAAA2B2E441300D0884E /* keyboard.cpp in Sources */ = {isa = PBXBuildFile; fileRef = 4647EAA92B2E441300D0884E /* keyboard.cpp */; };
		4647EAAD2B2E445A00D0884E /* terminal.cpp in Sources */ = {isa = PBXBuildFile; fileRef = 4647EAAB2B2E445A00D0884E /* terminal.cpp */; };
		4647EAB02B2E44CF00D0884E /* timer.cpp in Sources */ = {isa = PBXBuildFile; fileRef = 4647EAAE2B2E44CF00D0884E /* timer.cpp */; };
		4647EACB2B2E46A500D0884E /* wave6581_PST.cc in Sources */ = {isa = PBXBuildFile; fileRef = 4647EAB22B2E46A500D0884E /* wave6581_PST.cc */; };
		4647EACC2B2E46A500D0884E /* sid.cc in Sources */ = {isa = PBXBuildFile; fileRef = 4647EAB32B2E46A500D0884E /* sid.cc */; };
		4647EACD2B2E46A500D0884E /* envelope.cc in Sources */ = {isa = PBXBuildFile; fileRef = 4647EAB52B2E46A500D0884E /* envelope.cc */; };
		4647EACE2B2E46A500D0884E /* wave8580_P_T.cc in Sources */ = {isa = PBXBuildFile; fileRef = 4647EAB62B2E46A500D0884E /* wave8580_P_T.cc */; };
		4647EACF2B2E46A500D0884E /* pot.cc in Sources */ = {isa = PBXBuildFile; fileRef = 4647EAB72B2E46A500D0884E /* pot.cc */; };
		4647EAD02B2E46A500D0884E /* wave8580_PS_.cc in Sources */ = {isa = PBXBuildFile; fileRef = 4647EABA2B2E46A500D0884E /* wave8580_PS_.cc */; };
		4647EAD12B2E46A500D0884E /* wave8580__ST.cc in Sources */ = {isa = PBXBuildFile; fileRef = 4647EABB2B2E46A500D0884E /* wave8580__ST.cc */; };
		4647EAD22B2E46A500D0884E /* filter.cc in Sources */ = {isa = PBXBuildFile; fileRef = 4647EABD2B2E46A500D0884E /* filter.cc */; };
		4647EAD32B2E46A500D0884E /* wave6581__ST.cc in Sources */ = {isa = PBXBuildFile; fileRef = 4647EABF2B2E46A500D0884E /* wave6581__ST.cc */; };
		4647EAD42B2E46A500D0884E /* wave6581_P_T.cc in Sources */ = {isa = PBXBuildFile; fileRef = 4647EAC42B2E46A500D0884E /* wave6581_P_T.cc */; };
		4647EAD52B2E46A500D0884E /* wave8580_PST.cc in Sources */ = {isa = PBXBuildFile; fileRef = 4647EAC52B2E46A500D0884E /* wave8580_PST.cc */; };
		4647EAD62B2E46A500D0884E /* voice.cc in Sources */ = {isa = PBXBuildFile; fileRef = 4647EAC62B2E46A500D0884E /* voice.cc */; };
		4647EAD72B2E46A500D0884E /* extfilt.cc in Sources */ = {isa = PBXBuildFile; fileRef = 4647EAC72B2E46A500D0884E /* extfilt.cc */; };
		4647EAD82B2E46A500D0884E /* wave6581_PS_.cc in Sources */ = {isa = PBXBuildFile; fileRef = 4647EAC82B2E46A500D0884E /* wave6581_PS_.cc */; };
		4647EAD92B2E46A500D0884E /* version.cc in Sources */ = {isa = PBXBuildFile; fileRef = 4647EAC92B2E46A500D0884E /* version.cc */; };
		4647EADA2B2E46A500D0884E /* wave.cc in Sources */ = {isa = PBXBuildFile; fileRef = 4647EACA2B2E46A500D0884E /* wave.cc */; };
		4647EADF2B2E471400D0884E /* analog.cpp in Sources */ = {isa = PBXBuildFile; fileRef = 4647EADD2B2E471400D0884E /* analog.cpp */; };
		4647EAE02B2E471400D0884E /* sound.cpp in Sources */ = {isa = PBXBuildFile; fileRef = 4647EADE2B2E471400D0884E /* sound.cpp */; };
		4654C9852B3772E300AF2582 /* rom.cpp in Sources */ = {isa = PBXBuildFile; fileRef = 4654C9842B3772E300AF2582 /* rom.cpp */; };
		466AC00A2AFC218200ACA0CE /* Assets.xcassets in Resources */ = {isa = PBXBuildFile; fileRef = 466AC0092AFC218200ACA0CE /* Assets.xcassets */; };
		466AC00D2AFC218200ACA0CE /* Preview Assets.xcassets in Resources */ = {isa = PBXBuildFile; fileRef = 466AC00C2AFC218200ACA0CE /* Preview Assets.xcassets */; };
		466AC0162AFC220900ACA0CE /* main.cpp in Sources */ = {isa = PBXBuildFile; fileRef = 466AC0152AFC220900ACA0CE /* main.cpp */; };
		469AE7A12B2E1E5D00EB3B08 /* cpu.cpp in Sources */ = {isa = PBXBuildFile; fileRef = 469AE79F2B2E1E5D00EB3B08 /* cpu.cpp */; };
		46F181592B00E79800E7FDC8 /* mc6809_disassembler.cpp in Sources */ = {isa = PBXBuildFile; fileRef = 46F181542B00E79800E7FDC8 /* mc6809_disassembler.cpp */; };
		46F1815A2B00E79800E7FDC8 /* mc6809_instructions.cpp in Sources */ = {isa = PBXBuildFile; fileRef = 46F181552B00E79800E7FDC8 /* mc6809_instructions.cpp */; };
		46F1815B2B00E79800E7FDC8 /* mc6809_addressing_modes.cpp in Sources */ = {isa = PBXBuildFile; fileRef = 46F181572B00E79800E7FDC8 /* mc6809_addressing_modes.cpp */; };
		46F1815C2B00E79800E7FDC8 /* mc6809.cpp in Sources */ = {isa = PBXBuildFile; fileRef = 46F181582B00E79800E7FDC8 /* mc6809.cpp */; };
/* End PBXBuildFile section */

/* Begin PBXCopyFilesBuildPhase section */
		466AC01F2AFC280B00ACA0CE /* Embed Frameworks */ = {
			isa = PBXCopyFilesBuildPhase;
			buildActionMask = 2147483647;
			dstPath = "";
			dstSubfolderSpec = 10;
			files = (
				4602D30E2B00142D00D77BF3 /* SDL2.framework in Embed Frameworks */,
			);
			name = "Embed Frameworks";
			runOnlyForDeploymentPostprocessing = 0;
		};
/* End PBXCopyFilesBuildPhase section */

/* Begin PBXFileReference section */
		4602D30B2B0013B500D77BF3 /* SDL2.framework */ = {isa = PBXFileReference; lastKnownFileType = wrapper.framework; name = SDL2.framework; path = ../../../../../Library/Frameworks/SDL2.framework; sourceTree = "<group>"; };
		4614F9F02B2E29F3005C9BE3 /* system.cpp */ = {isa = PBXFileReference; fileEncoding = 4; lastKnownFileType = sourcecode.cpp.cpp; name = system.cpp; path = ../../src/system.cpp; sourceTree = "<group>"; };
		4614F9F12B2E29F3005C9BE3 /* system.hpp */ = {isa = PBXFileReference; fileEncoding = 4; lastKnownFileType = sourcecode.cpp.h; name = system.hpp; path = ../../src/system.hpp; sourceTree = "<group>"; };
		4614F9F32B2E2A70005C9BE3 /* blitter.hpp */ = {isa = PBXFileReference; fileEncoding = 4; lastKnownFileType = sourcecode.cpp.h; name = blitter.hpp; path = ../../src/blitter.hpp; sourceTree = "<group>"; };
		4614F9F42B2E2A70005C9BE3 /* blitter.cpp */ = {isa = PBXFileReference; fileEncoding = 4; lastKnownFileType = sourcecode.cpp.cpp; name = blitter.cpp; path = ../../src/blitter.cpp; sourceTree = "<group>"; };
		4614F9F62B2E2B76005C9BE3 /* core.cpp */ = {isa = PBXFileReference; fileEncoding = 4; lastKnownFileType = sourcecode.cpp.cpp; name = core.cpp; path = ../../src/core.cpp; sourceTree = "<group>"; };
		4614F9F72B2E2B76005C9BE3 /* core.hpp */ = {isa = PBXFileReference; fileEncoding = 4; lastKnownFileType = sourcecode.cpp.h; name = core.hpp; path = ../../src/core.hpp; sourceTree = "<group>"; };
		461AD65E2B2E2642006BAD70 /* exceptions.cpp */ = {isa = PBXFileReference; fileEncoding = 4; lastKnownFileType = sourcecode.cpp.cpp; name = exceptions.cpp; path = ../../src/exceptions.cpp; sourceTree = "<group>"; };
		461AD65F2B2E2642006BAD70 /* exceptions.hpp */ = {isa = PBXFileReference; fileEncoding = 4; lastKnownFileType = sourcecode.cpp.h; name = exceptions.hpp; path = ../../src/exceptions.hpp; sourceTree = "<group>"; };
		4644873E2B3CD6C4004B04BA /* stats.cpp */ = {isa = PBXFileReference; fileEncoding = 4; lastKnownFileType = sourcecode.cpp.cpp; name = stats.cpp; path = ../../src/stats.cpp; sourceTree = "<group>"; };
		4644873F2B3CD6C4004B04BA /* stats.hpp */ = {isa = PBXFileReference; fileEncoding = 4; lastKnownFileType = sourcecode.cpp.h; name = stats.hpp; path = ../../src/stats.hpp; sourceTree = "<group>"; };
		4647EAA22B2E434000D0884E /* debugger.cpp */ = {isa = PBXFileReference; fileEncoding = 4; lastKnownFileType = sourcecode.cpp.cpp; name = debugger.cpp; path = ../../src/debugger.cpp; sourceTree = "<group>"; };
		4647EAA32B2E434000D0884E /* debugger.hpp */ = {isa = PBXFileReference; fileEncoding = 4; lastKnownFileType = sourcecode.cpp.h; name = debugger.hpp; path = ../../src/debugger.hpp; sourceTree = "<group>"; };
		4647EAA52B2E43BE00D0884E /* host.cpp */ = {isa = PBXFileReference; fileEncoding = 4; lastKnownFileType = sourcecode.cpp.cpp; name = host.cpp; path = ../../src/host.cpp; sourceTree = "<group>"; };
		4647EAA62B2E43BE00D0884E /* host.hpp */ = {isa = PBXFileReference; fileEncoding = 4; lastKnownFileType = sourcecode.cpp.h; name = host.hpp; path = ../../src/host.hpp; sourceTree = "<group>"; };
		4647EAA82B2E441300D0884E /* keyboard.hpp */ = {isa = PBXFileReference; fileEncoding = 4; lastKnownFileType = sourcecode.cpp.h; name = keyboard.hpp; path = ../../src/keyboard.hpp; sourceTree = "<group>"; };
		4647EAA92B2E441300D0884E /* keyboard.cpp */ = {isa = PBXFileReference; fileEncoding = 4; lastKnownFileType = sourcecode.cpp.cpp; name = keyboard.cpp; path = ../../src/keyboard.cpp; sourceTree = "<group>"; };
		4647EAAB2B2E445A00D0884E /* terminal.cpp */ = {isa = PBXFileReference; fileEncoding = 4; lastKnownFileType = sourcecode.cpp.cpp; name = terminal.cpp; path = ../../src/terminal.cpp; sourceTree = "<group>"; };
		4647EAAC2B2E445A00D0884E /* terminal.hpp */ = {isa = PBXFileReference; fileEncoding = 4; lastKnownFileType = sourcecode.cpp.h; name = terminal.hpp; path = ../../src/terminal.hpp; sourceTree = "<group>"; };
		4647EAAE2B2E44CF00D0884E /* timer.cpp */ = {isa = PBXFileReference; fileEncoding = 4; lastKnownFileType = sourcecode.cpp.cpp; name = timer.cpp; path = ../../src/timer.cpp; sourceTree = "<group>"; };
		4647EAAF2B2E44CF00D0884E /* timer.hpp */ = {isa = PBXFileReference; fileEncoding = 4; lastKnownFileType = sourcecode.cpp.h; name = timer.hpp; path = ../../src/timer.hpp; sourceTree = "<group>"; };
		4647EAB22B2E46A500D0884E /* wave6581_PST.cc */ = {isa = PBXFileReference; fileEncoding = 4; lastKnownFileType = sourcecode.cpp.cpp; name = wave6581_PST.cc; path = "../../src/resid-0.16/wave6581_PST.cc"; sourceTree = "<group>"; };
		4647EAB32B2E46A500D0884E /* sid.cc */ = {isa = PBXFileReference; fileEncoding = 4; lastKnownFileType = sourcecode.cpp.cpp; name = sid.cc; path = "../../src/resid-0.16/sid.cc"; sourceTree = "<group>"; };
		4647EAB42B2E46A500D0884E /* voice.h */ = {isa = PBXFileReference; fileEncoding = 4; lastKnownFileType = sourcecode.c.h; name = voice.h; path = "../../src/resid-0.16/voice.h"; sourceTree = "<group>"; };
		4647EAB52B2E46A500D0884E /* envelope.cc */ = {isa = PBXFileReference; fileEncoding = 4; lastKnownFileType = sourcecode.cpp.cpp; name = envelope.cc; path = "../../src/resid-0.16/envelope.cc"; sourceTree = "<group>"; };
		4647EAB62B2E46A500D0884E /* wave8580_P_T.cc */ = {isa = PBXFileReference; fileEncoding = 4; lastKnownFileType = sourcecode.cpp.cpp; name = wave8580_P_T.cc; path = "../../src/resid-0.16/wave8580_P_T.cc"; sourceTree = "<group>"; };
		4647EAB72B2E46A500D0884E /* pot.cc */ = {isa = PBXFileReference; fileEncoding = 4; lastKnownFileType = sourcecode.cpp.cpp; name = pot.cc; path = "../../src/resid-0.16/pot.cc"; sourceTree = "<group>"; };
		4647EAB82B2E46A500D0884E /* wave.h */ = {isa = PBXFileReference; fileEncoding = 4; lastKnownFileType = sourcecode.c.h; name = wave.h; path = "../../src/resid-0.16/wave.h"; sourceTree = "<group>"; };
		4647EAB92B2E46A500D0884E /* pot.h */ = {isa = PBXFileReference; fileEncoding = 4; lastKnownFileType = sourcecode.c.h; name = pot.h; path = "../../src/resid-0.16/pot.h"; sourceTree = "<group>"; };
		4647EABA2B2E46A500D0884E /* wave8580_PS_.cc */ = {isa = PBXFileReference; fileEncoding = 4; lastKnownFileType = sourcecode.cpp.cpp; name = wave8580_PS_.cc; path = "../../src/resid-0.16/wave8580_PS_.cc"; sourceTree = "<group>"; };
		4647EABB2B2E46A500D0884E /* wave8580__ST.cc */ = {isa = PBXFileReference; fileEncoding = 4; lastKnownFileType = sourcecode.cpp.cpp; name = wave8580__ST.cc; path = "../../src/resid-0.16/wave8580__ST.cc"; sourceTree = "<group>"; };
		4647EABC2B2E46A500D0884E /* envelope.h */ = {isa = PBXFileReference; fileEncoding = 4; lastKnownFileType = sourcecode.c.h; name = envelope.h; path = "../../src/resid-0.16/envelope.h"; sourceTree = "<group>"; };
		4647EABD2B2E46A500D0884E /* filter.cc */ = {isa = PBXFileReference; fileEncoding = 4; lastKnownFileType = sourcecode.cpp.cpp; name = filter.cc; path = "../../src/resid-0.16/filter.cc"; sourceTree = "<group>"; };
		4647EABE2B2E46A500D0884E /* sid.h */ = {isa = PBXFileReference; fileEncoding = 4; lastKnownFileType = sourcecode.c.h; name = sid.h; path = "../../src/resid-0.16/sid.h"; sourceTree = "<group>"; };
		4647EABF2B2E46A500D0884E /* wave6581__ST.cc */ = {isa = PBXFileReference; fileEncoding = 4; lastKnownFileType = sourcecode.cpp.cpp; name = wave6581__ST.cc; path = "../../src/resid-0.16/wave6581__ST.cc"; sourceTree = "<group>"; };
		4647EAC02B2E46A500D0884E /* filter.h */ = {isa = PBXFileReference; fileEncoding = 4; lastKnownFileType = sourcecode.c.h; name = filter.h; path = "../../src/resid-0.16/filter.h"; sourceTree = "<group>"; };
		4647EAC12B2E46A500D0884E /* spline.h */ = {isa = PBXFileReference; fileEncoding = 4; lastKnownFileType = sourcecode.c.h; name = spline.h; path = "../../src/resid-0.16/spline.h"; sourceTree = "<group>"; };
		4647EAC22B2E46A500D0884E /* siddefs.h */ = {isa = PBXFileReference; fileEncoding = 4; lastKnownFileType = sourcecode.c.h; name = siddefs.h; path = "../../src/resid-0.16/siddefs.h"; sourceTree = "<group>"; };
		4647EAC32B2E46A500D0884E /* extfilt.h */ = {isa = PBXFileReference; fileEncoding = 4; lastKnownFileType = sourcecode.c.h; name = extfilt.h; path = "../../src/resid-0.16/extfilt.h"; sourceTree = "<group>"; };
		4647EAC42B2E46A500D0884E /* wave6581_P_T.cc */ = {isa = PBXFileReference; fileEncoding = 4; lastKnownFileType = sourcecode.cpp.cpp; name = wave6581_P_T.cc; path = "../../src/resid-0.16/wave6581_P_T.cc"; sourceTree = "<group>"; };
		4647EAC52B2E46A500D0884E /* wave8580_PST.cc */ = {isa = PBXFileReference; fileEncoding = 4; lastKnownFileType = sourcecode.cpp.cpp; name = wave8580_PST.cc; path = "../../src/resid-0.16/wave8580_PST.cc"; sourceTree = "<group>"; };
		4647EAC62B2E46A500D0884E /* voice.cc */ = {isa = PBXFileReference; fileEncoding = 4; lastKnownFileType = sourcecode.cpp.cpp; name = voice.cc; path = "../../src/resid-0.16/voice.cc"; sourceTree = "<group>"; };
		4647EAC72B2E46A500D0884E /* extfilt.cc */ = {isa = PBXFileReference; fileEncoding = 4; lastKnownFileType = sourcecode.cpp.cpp; name = extfilt.cc; path = "../../src/resid-0.16/extfilt.cc"; sourceTree = "<group>"; };
		4647EAC82B2E46A500D0884E /* wave6581_PS_.cc */ = {isa = PBXFileReference; fileEncoding = 4; lastKnownFileType = sourcecode.cpp.cpp; name = wave6581_PS_.cc; path = "../../src/resid-0.16/wave6581_PS_.cc"; sourceTree = "<group>"; };
		4647EAC92B2E46A500D0884E /* version.cc */ = {isa = PBXFileReference; fileEncoding = 4; lastKnownFileType = sourcecode.cpp.cpp; name = version.cc; path = "../../src/resid-0.16/version.cc"; sourceTree = "<group>"; };
		4647EACA2B2E46A500D0884E /* wave.cc */ = {isa = PBXFileReference; fileEncoding = 4; lastKnownFileType = sourcecode.cpp.cpp; name = wave.cc; path = "../../src/resid-0.16/wave.cc"; sourceTree = "<group>"; };
		4647EADB2B2E471400D0884E /* analog.hpp */ = {isa = PBXFileReference; fileEncoding = 4; lastKnownFileType = sourcecode.cpp.h; name = analog.hpp; path = ../../src/analog.hpp; sourceTree = "<group>"; };
		4647EADC2B2E471400D0884E /* sound.hpp */ = {isa = PBXFileReference; fileEncoding = 4; lastKnownFileType = sourcecode.cpp.h; name = sound.hpp; path = ../../src/sound.hpp; sourceTree = "<group>"; };
		4647EADD2B2E471400D0884E /* analog.cpp */ = {isa = PBXFileReference; fileEncoding = 4; lastKnownFileType = sourcecode.cpp.cpp; name = analog.cpp; path = ../../src/analog.cpp; sourceTree = "<group>"; };
		4647EADE2B2E471400D0884E /* sound.cpp */ = {isa = PBXFileReference; fileEncoding = 4; lastKnownFileType = sourcecode.cpp.cpp; name = sound.cpp; path = ../../src/sound.cpp; sourceTree = "<group>"; };
		4654C9842B3772E300AF2582 /* rom.cpp */ = {isa = PBXFileReference; fileEncoding = 4; lastKnownFileType = sourcecode.cpp.cpp; name = rom.cpp; path = ../../src/rom.cpp; sourceTree = "<group>"; };
		466AC0022AFC218100ACA0CE /* punch.app */ = {isa = PBXFileReference; explicitFileType = wrapper.application; includeInIndex = 0; path = punch.app; sourceTree = BUILT_PRODUCTS_DIR; };
		466AC0092AFC218200ACA0CE /* Assets.xcassets */ = {isa = PBXFileReference; lastKnownFileType = folder.assetcatalog; path = Assets.xcassets; sourceTree = "<group>"; };
		466AC00C2AFC218200ACA0CE /* Preview Assets.xcassets */ = {isa = PBXFileReference; lastKnownFileType = folder.assetcatalog; path = "Preview Assets.xcassets"; sourceTree = "<group>"; };
		466AC00E2AFC218200ACA0CE /* punch.entitlements */ = {isa = PBXFileReference; lastKnownFileType = text.plist.entitlements; path = punch.entitlements; sourceTree = "<group>"; };
		466AC0152AFC220900ACA0CE /* main.cpp */ = {isa = PBXFileReference; fileEncoding = 4; lastKnownFileType = sourcecode.cpp.cpp; name = main.cpp; path = ../../src/main.cpp; sourceTree = "<group>"; };
		466AC0232AFC29B100ACA0CE /* common.hpp */ = {isa = PBXFileReference; fileEncoding = 4; lastKnownFileType = sourcecode.cpp.h; name = common.hpp; path = ../../src/common.hpp; sourceTree = "<group>"; };
		467F90D92B9DB6AD00F3861E /* font_4x6.hpp */ = {isa = PBXFileReference; fileEncoding = 4; lastKnownFileType = sourcecode.cpp.h; name = font_4x6.hpp; path = ../../src/font_4x6.hpp; sourceTree = "<group>"; };
		469AE79F2B2E1E5D00EB3B08 /* cpu.cpp */ = {isa = PBXFileReference; fileEncoding = 4; lastKnownFileType = sourcecode.cpp.cpp; name = cpu.cpp; path = ../../src/cpu.cpp; sourceTree = "<group>"; };
		469AE7A02B2E1E5D00EB3B08 /* cpu.hpp */ = {isa = PBXFileReference; fileEncoding = 4; lastKnownFileType = sourcecode.cpp.h; name = cpu.hpp; path = ../../src/cpu.hpp; sourceTree = "<group>"; };
		46BA60D02B3B76780020C879 /* clocks.hpp */ = {isa = PBXFileReference; fileEncoding = 4; lastKnownFileType = sourcecode.cpp.h; name = clocks.hpp; path = ../../src/clocks.hpp; sourceTree = "<group>"; };
		46E53FEE2B72D81E0058BE66 /* rca.hpp */ = {isa = PBXFileReference; fileEncoding = 4; lastKnownFileType = sourcecode.cpp.h; name = rca.hpp; path = ../../src/rca.hpp; sourceTree = "<group>"; };
		46F181542B00E79800E7FDC8 /* mc6809_disassembler.cpp */ = {isa = PBXFileReference; fileEncoding = 4; lastKnownFileType = sourcecode.cpp.cpp; name = mc6809_disassembler.cpp; path = ../../src/MC6809/mc6809_disassembler.cpp; sourceTree = "<group>"; };
		46F181552B00E79800E7FDC8 /* mc6809_instructions.cpp */ = {isa = PBXFileReference; fileEncoding = 4; lastKnownFileType = sourcecode.cpp.cpp; name = mc6809_instructions.cpp; path = ../../src/MC6809/mc6809_instructions.cpp; sourceTree = "<group>"; };
		46F181562B00E79800E7FDC8 /* mc6809.hpp */ = {isa = PBXFileReference; fileEncoding = 4; lastKnownFileType = sourcecode.cpp.h; name = mc6809.hpp; path = ../../src/MC6809/mc6809.hpp; sourceTree = "<group>"; };
		46F181572B00E79800E7FDC8 /* mc6809_addressing_modes.cpp */ = {isa = PBXFileReference; fileEncoding = 4; lastKnownFileType = sourcecode.cpp.cpp; name = mc6809_addressing_modes.cpp; path = ../../src/MC6809/mc6809_addressing_modes.cpp; sourceTree = "<group>"; };
		46F181582B00E79800E7FDC8 /* mc6809.cpp */ = {isa = PBXFileReference; fileEncoding = 4; lastKnownFileType = sourcecode.cpp.cpp; name = mc6809.cpp; path = ../../src/MC6809/mc6809.cpp; sourceTree = "<group>"; };
/* End PBXFileReference section */

/* Begin PBXFrameworksBuildPhase section */
		466ABFFF2AFC218100ACA0CE /* Frameworks */ = {
			isa = PBXFrameworksBuildPhase;
			buildActionMask = 2147483647;
			files = (
				4602D30C2B0013B500D77BF3 /* SDL2.framework in Frameworks */,
			);
			runOnlyForDeploymentPostprocessing = 0;
		};
/* End PBXFrameworksBuildPhase section */

/* Begin PBXGroup section */
		4647EAB12B2E468300D0884E /* resid-0.16 */ = {
			isa = PBXGroup;
			children = (
				4647EAB52B2E46A500D0884E /* envelope.cc */,
				4647EABC2B2E46A500D0884E /* envelope.h */,
				4647EAC72B2E46A500D0884E /* extfilt.cc */,
				4647EAC32B2E46A500D0884E /* extfilt.h */,
				4647EABD2B2E46A500D0884E /* filter.cc */,
				4647EAC02B2E46A500D0884E /* filter.h */,
				4647EAB72B2E46A500D0884E /* pot.cc */,
				4647EAB92B2E46A500D0884E /* pot.h */,
				4647EAB32B2E46A500D0884E /* sid.cc */,
				4647EABE2B2E46A500D0884E /* sid.h */,
				4647EAC22B2E46A500D0884E /* siddefs.h */,
				4647EAC12B2E46A500D0884E /* spline.h */,
				4647EAC92B2E46A500D0884E /* version.cc */,
				4647EAC62B2E46A500D0884E /* voice.cc */,
				4647EAB42B2E46A500D0884E /* voice.h */,
				4647EACA2B2E46A500D0884E /* wave.cc */,
				4647EAB82B2E46A500D0884E /* wave.h */,
				4647EABF2B2E46A500D0884E /* wave6581__ST.cc */,
				4647EAC42B2E46A500D0884E /* wave6581_P_T.cc */,
				4647EAC82B2E46A500D0884E /* wave6581_PS_.cc */,
				4647EAB22B2E46A500D0884E /* wave6581_PST.cc */,
				4647EABB2B2E46A500D0884E /* wave8580__ST.cc */,
				4647EAB62B2E46A500D0884E /* wave8580_P_T.cc */,
				4647EABA2B2E46A500D0884E /* wave8580_PS_.cc */,
				4647EAC52B2E46A500D0884E /* wave8580_PST.cc */,
			);
			name = "resid-0.16";
			sourceTree = "<group>";
		};
		466ABFF92AFC218100ACA0CE = {
			isa = PBXGroup;
			children = (
				466AC0042AFC218100ACA0CE /* punch */,
				466AC0032AFC218100ACA0CE /* Products */,
				466AC01B2AFC25A500ACA0CE /* Frameworks */,
			);
			sourceTree = "<group>";
		};
		466AC0032AFC218100ACA0CE /* Products */ = {
			isa = PBXGroup;
			children = (
				466AC0022AFC218100ACA0CE /* punch.app */,
			);
			name = Products;
			sourceTree = "<group>";
		};
		466AC0042AFC218100ACA0CE /* punch */ = {
			isa = PBXGroup;
			children = (
				466AC0142AFC219C00ACA0CE /* src */,
				466AC0092AFC218200ACA0CE /* Assets.xcassets */,
				466AC00E2AFC218200ACA0CE /* punch.entitlements */,
				466AC00B2AFC218200ACA0CE /* Preview Content */,
			);
			path = punch;
			sourceTree = "<group>";
		};
		466AC00B2AFC218200ACA0CE /* Preview Content */ = {
			isa = PBXGroup;
			children = (
				466AC00C2AFC218200ACA0CE /* Preview Assets.xcassets */,
			);
			path = "Preview Content";
			sourceTree = "<group>";
		};
		466AC0142AFC219C00ACA0CE /* src */ = {
			isa = PBXGroup;
			children = (
				46F181532B00E77E00E7FDC8 /* MC6809 */,
				4647EAB12B2E468300D0884E /* resid-0.16 */,
				4647EADD2B2E471400D0884E /* analog.cpp */,
				4647EADB2B2E471400D0884E /* analog.hpp */,
				4614F9F42B2E2A70005C9BE3 /* blitter.cpp */,
				4614F9F32B2E2A70005C9BE3 /* blitter.hpp */,
				46BA60D02B3B76780020C879 /* clocks.hpp */,
				466AC0232AFC29B100ACA0CE /* common.hpp */,
				4614F9F62B2E2B76005C9BE3 /* core.cpp */,
				4614F9F72B2E2B76005C9BE3 /* core.hpp */,
				469AE79F2B2E1E5D00EB3B08 /* cpu.cpp */,
				469AE7A02B2E1E5D00EB3B08 /* cpu.hpp */,
				4647EAA22B2E434000D0884E /* debugger.cpp */,
				4647EAA32B2E434000D0884E /* debugger.hpp */,
				461AD65E2B2E2642006BAD70 /* exceptions.cpp */,
				461AD65F2B2E2642006BAD70 /* exceptions.hpp */,
				467F90D92B9DB6AD00F3861E /* font_4x6.hpp */,
				4647EAA52B2E43BE00D0884E /* host.cpp */,
				4647EAA62B2E43BE00D0884E /* host.hpp */,
				4647EAA92B2E441300D0884E /* keyboard.cpp */,
				4647EAA82B2E441300D0884E /* keyboard.hpp */,
				466AC0152AFC220900ACA0CE /* main.cpp */,
				46E53FEE2B72D81E0058BE66 /* rca.hpp */,
				4654C9842B3772E300AF2582 /* rom.cpp */,
				4647EADE2B2E471400D0884E /* sound.cpp */,
				4647EADC2B2E471400D0884E /* sound.hpp */,
				4644873E2B3CD6C4004B04BA /* stats.cpp */,
				4644873F2B3CD6C4004B04BA /* stats.hpp */,
				4614F9F02B2E29F3005C9BE3 /* system.cpp */,
				4614F9F12B2E29F3005C9BE3 /* system.hpp */,
				4647EAAB2B2E445A00D0884E /* terminal.cpp */,
				4647EAAC2B2E445A00D0884E /* terminal.hpp */,
				4647EAAE2B2E44CF00D0884E /* timer.cpp */,
				4647EAAF2B2E44CF00D0884E /* timer.hpp */,
			);
			name = src;
			sourceTree = "<group>";
		};
		466AC01B2AFC25A500ACA0CE /* Frameworks */ = {
			isa = PBXGroup;
			children = (
				4602D30B2B0013B500D77BF3 /* SDL2.framework */,
			);
			name = Frameworks;
			sourceTree = "<group>";
		};
		46F181532B00E77E00E7FDC8 /* MC6809 */ = {
			isa = PBXGroup;
			children = (
				46F181562B00E79800E7FDC8 /* mc6809.hpp */,
				46F181582B00E79800E7FDC8 /* mc6809.cpp */,
				46F181572B00E79800E7FDC8 /* mc6809_addressing_modes.cpp */,
				46F181542B00E79800E7FDC8 /* mc6809_disassembler.cpp */,
				46F181552B00E79800E7FDC8 /* mc6809_instructions.cpp */,
			);
			name = MC6809;
			sourceTree = "<group>";
		};
/* End PBXGroup section */

/* Begin PBXNativeTarget section */
		466AC0012AFC218100ACA0CE /* punch */ = {
			isa = PBXNativeTarget;
			buildConfigurationList = 466AC0112AFC218200ACA0CE /* Build configuration list for PBXNativeTarget "punch" */;
			buildPhases = (
				466ABFFE2AFC218100ACA0CE /* Sources */,
				466ABFFF2AFC218100ACA0CE /* Frameworks */,
				466AC0002AFC218100ACA0CE /* Resources */,
				466AC01F2AFC280B00ACA0CE /* Embed Frameworks */,
			);
			buildRules = (
			);
			dependencies = (
			);
			name = punch;
			productName = punch;
			productReference = 466AC0022AFC218100ACA0CE /* punch.app */;
			productType = "com.apple.product-type.application";
		};
/* End PBXNativeTarget section */

/* Begin PBXProject section */
		466ABFFA2AFC218100ACA0CE /* Project object */ = {
			isa = PBXProject;
			attributes = {
				BuildIndependentTargetsInParallel = 1;
				LastSwiftUpdateCheck = 1500;
				LastUpgradeCheck = 1500;
				TargetAttributes = {
					466AC0012AFC218100ACA0CE = {
						CreatedOnToolsVersion = 15.0.1;
					};
				};
			};
			buildConfigurationList = 466ABFFD2AFC218100ACA0CE /* Build configuration list for PBXProject "punch" */;
			compatibilityVersion = "Xcode 14.0";
			developmentRegion = en;
			hasScannedForEncodings = 0;
			knownRegions = (
				en,
				Base,
			);
			mainGroup = 466ABFF92AFC218100ACA0CE;
			productRefGroup = 466AC0032AFC218100ACA0CE /* Products */;
			projectDirPath = "";
			projectRoot = "";
			targets = (
				466AC0012AFC218100ACA0CE /* punch */,
			);
		};
/* End PBXProject section */

/* Begin PBXResourcesBuildPhase section */
		466AC0002AFC218100ACA0CE /* Resources */ = {
			isa = PBXResourcesBuildPhase;
			buildActionMask = 2147483647;
			files = (
				466AC00D2AFC218200ACA0CE /* Preview Assets.xcassets in Resources */,
				466AC00A2AFC218200ACA0CE /* Assets.xcassets in Resources */,
			);
			runOnlyForDeploymentPostprocessing = 0;
		};
/* End PBXResourcesBuildPhase section */

/* Begin PBXSourcesBuildPhase section */
		466ABFFE2AFC218100ACA0CE /* Sources */ = {
			isa = PBXSourcesBuildPhase;
			buildActionMask = 2147483647;
			files = (
				4647EACB2B2E46A500D0884E /* wave6581_PST.cc in Sources */,
				46F1815A2B00E79800E7FDC8 /* mc6809_instructions.cpp in Sources */,
				46F1815B2B00E79800E7FDC8 /* mc6809_addressing_modes.cpp in Sources */,
				4614F9F52B2E2A70005C9BE3 /* blitter.cpp in Sources */,
				4654C9852B3772E300AF2582 /* rom.cpp in Sources */,
				4647EAE02B2E471400D0884E /* sound.cpp in Sources */,
				469AE7A12B2E1E5D00EB3B08 /* cpu.cpp in Sources */,
				4647EACF2B2E46A500D0884E /* pot.cc in Sources */,
				4647EAAD2B2E445A00D0884E /* terminal.cpp in Sources */,
				4647EAD52B2E46A500D0884E /* wave8580_PST.cc in Sources */,
				4647EAD32B2E46A500D0884E /* wave6581__ST.cc in Sources */,
				4647EACE2B2E46A500D0884E /* wave8580_P_T.cc in Sources */,
				46F181592B00E79800E7FDC8 /* mc6809_disassembler.cpp in Sources */,
				4647EAD62B2E46A500D0884E /* voice.cc in Sources */,
				4647EAAA2B2E441300D0884E /* keyboard.cpp in Sources */,
				4647EADF2B2E471400D0884E /* analog.cpp in Sources */,
				4614F9F22B2E29F3005C9BE3 /* system.cpp in Sources */,
				4647EACD2B2E46A500D0884E /* envelope.cc in Sources */,
				4647EAD42B2E46A500D0884E /* wave6581_P_T.cc in Sources */,
				4647EAD22B2E46A500D0884E /* filter.cc in Sources */,
				4647EACC2B2E46A500D0884E /* sid.cc in Sources */,
				4614F9F82B2E2B76005C9BE3 /* core.cpp in Sources */,
				464487402B3CD6C4004B04BA /* stats.cpp in Sources */,
				4647EAD12B2E46A500D0884E /* wave8580__ST.cc in Sources */,
				4647EADA2B2E46A500D0884E /* wave.cc in Sources */,
				4647EAA72B2E43BE00D0884E /* host.cpp in Sources */,
				46F1815C2B00E79800E7FDC8 /* mc6809.cpp in Sources */,
				4647EAD82B2E46A500D0884E /* wave6581_PS_.cc in Sources */,
				4647EAB02B2E44CF00D0884E /* timer.cpp in Sources */,
				4647EAA42B2E434000D0884E /* debugger.cpp in Sources */,
				466AC0162AFC220900ACA0CE /* main.cpp in Sources */,
				4647EAD02B2E46A500D0884E /* wave8580_PS_.cc in Sources */,
				4647EAD72B2E46A500D0884E /* extfilt.cc in Sources */,
				4647EAD92B2E46A500D0884E /* version.cc in Sources */,
				461AD6602B2E2642006BAD70 /* exceptions.cpp in Sources */,
			);
			runOnlyForDeploymentPostprocessing = 0;
		};
/* End PBXSourcesBuildPhase section */

/* Begin XCBuildConfiguration section */
		466AC00F2AFC218200ACA0CE /* Debug */ = {
			isa = XCBuildConfiguration;
			buildSettings = {
				ALWAYS_SEARCH_USER_PATHS = NO;
				ASSETCATALOG_COMPILER_GENERATE_SWIFT_ASSET_SYMBOL_EXTENSIONS = YES;
				CLANG_ANALYZER_NONNULL = YES;
				CLANG_ANALYZER_NUMBER_OBJECT_CONVERSION = YES_AGGRESSIVE;
				CLANG_CXX_LANGUAGE_STANDARD = "gnu++20";
				CLANG_ENABLE_MODULES = YES;
				CLANG_ENABLE_OBJC_ARC = YES;
				CLANG_ENABLE_OBJC_WEAK = YES;
				CLANG_WARN_BLOCK_CAPTURE_AUTORELEASING = YES;
				CLANG_WARN_BOOL_CONVERSION = YES;
				CLANG_WARN_COMMA = YES;
				CLANG_WARN_CONSTANT_CONVERSION = YES;
				CLANG_WARN_DEPRECATED_OBJC_IMPLEMENTATIONS = YES;
				CLANG_WARN_DIRECT_OBJC_ISA_USAGE = YES_ERROR;
				CLANG_WARN_DOCUMENTATION_COMMENTS = YES;
				CLANG_WARN_EMPTY_BODY = YES;
				CLANG_WARN_ENUM_CONVERSION = YES;
				CLANG_WARN_INFINITE_RECURSION = YES;
				CLANG_WARN_INT_CONVERSION = YES;
				CLANG_WARN_NON_LITERAL_NULL_CONVERSION = YES;
				CLANG_WARN_OBJC_IMPLICIT_RETAIN_SELF = YES;
				CLANG_WARN_OBJC_LITERAL_CONVERSION = YES;
				CLANG_WARN_OBJC_ROOT_CLASS = YES_ERROR;
				CLANG_WARN_QUOTED_INCLUDE_IN_FRAMEWORK_HEADER = YES;
				CLANG_WARN_RANGE_LOOP_ANALYSIS = YES;
				CLANG_WARN_STRICT_PROTOTYPES = YES;
				CLANG_WARN_SUSPICIOUS_MOVE = YES;
				CLANG_WARN_UNGUARDED_AVAILABILITY = YES_AGGRESSIVE;
				CLANG_WARN_UNREACHABLE_CODE = YES;
				CLANG_WARN__DUPLICATE_METHOD_MATCH = YES;
				COPY_PHASE_STRIP = NO;
				DEBUG_INFORMATION_FORMAT = dwarf;
				ENABLE_STRICT_OBJC_MSGSEND = YES;
				ENABLE_TESTABILITY = YES;
				ENABLE_USER_SCRIPT_SANDBOXING = YES;
				GCC_C_LANGUAGE_STANDARD = gnu17;
				GCC_DYNAMIC_NO_PIC = NO;
				GCC_NO_COMMON_BLOCKS = YES;
				GCC_OPTIMIZATION_LEVEL = 0;
				GCC_PREPROCESSOR_DEFINITIONS = (
					"DEBUG=1",
					"$(inherited)",
				);
				GCC_WARN_64_TO_32_BIT_CONVERSION = YES;
				GCC_WARN_ABOUT_RETURN_TYPE = YES_ERROR;
				GCC_WARN_UNDECLARED_SELECTOR = YES;
				GCC_WARN_UNINITIALIZED_AUTOS = YES_AGGRESSIVE;
				GCC_WARN_UNUSED_FUNCTION = YES;
				GCC_WARN_UNUSED_VARIABLE = YES;
				LOCALIZATION_PREFERS_STRING_CATALOGS = YES;
				MACOSX_DEPLOYMENT_TARGET = 14.0;
				MTL_ENABLE_DEBUG_INFO = INCLUDE_SOURCE;
				MTL_FAST_MATH = YES;
				ONLY_ACTIVE_ARCH = YES;
				SDKROOT = macosx;
				SWIFT_ACTIVE_COMPILATION_CONDITIONS = "DEBUG $(inherited)";
				SWIFT_OPTIMIZATION_LEVEL = "-Onone";
			};
			name = Debug;
		};
		466AC0102AFC218200ACA0CE /* Release */ = {
			isa = XCBuildConfiguration;
			buildSettings = {
				ALWAYS_SEARCH_USER_PATHS = NO;
				ASSETCATALOG_COMPILER_GENERATE_SWIFT_ASSET_SYMBOL_EXTENSIONS = YES;
				CLANG_ANALYZER_NONNULL = YES;
				CLANG_ANALYZER_NUMBER_OBJECT_CONVERSION = YES_AGGRESSIVE;
				CLANG_CXX_LANGUAGE_STANDARD = "gnu++20";
				CLANG_ENABLE_MODULES = YES;
				CLANG_ENABLE_OBJC_ARC = YES;
				CLANG_ENABLE_OBJC_WEAK = YES;
				CLANG_WARN_BLOCK_CAPTURE_AUTORELEASING = YES;
				CLANG_WARN_BOOL_CONVERSION = YES;
				CLANG_WARN_COMMA = YES;
				CLANG_WARN_CONSTANT_CONVERSION = YES;
				CLANG_WARN_DEPRECATED_OBJC_IMPLEMENTATIONS = YES;
				CLANG_WARN_DIRECT_OBJC_ISA_USAGE = YES_ERROR;
				CLANG_WARN_DOCUMENTATION_COMMENTS = YES;
				CLANG_WARN_EMPTY_BODY = YES;
				CLANG_WARN_ENUM_CONVERSION = YES;
				CLANG_WARN_INFINITE_RECURSION = YES;
				CLANG_WARN_INT_CONVERSION = YES;
				CLANG_WARN_NON_LITERAL_NULL_CONVERSION = YES;
				CLANG_WARN_OBJC_IMPLICIT_RETAIN_SELF = YES;
				CLANG_WARN_OBJC_LITERAL_CONVERSION = YES;
				CLANG_WARN_OBJC_ROOT_CLASS = YES_ERROR;
				CLANG_WARN_QUOTED_INCLUDE_IN_FRAMEWORK_HEADER = YES;
				CLANG_WARN_RANGE_LOOP_ANALYSIS = YES;
				CLANG_WARN_STRICT_PROTOTYPES = YES;
				CLANG_WARN_SUSPICIOUS_MOVE = YES;
				CLANG_WARN_UNGUARDED_AVAILABILITY = YES_AGGRESSIVE;
				CLANG_WARN_UNREACHABLE_CODE = YES;
				CLANG_WARN__DUPLICATE_METHOD_MATCH = YES;
				COPY_PHASE_STRIP = NO;
				DEBUG_INFORMATION_FORMAT = "dwarf-with-dsym";
				ENABLE_NS_ASSERTIONS = NO;
				ENABLE_STRICT_OBJC_MSGSEND = YES;
				ENABLE_USER_SCRIPT_SANDBOXING = YES;
				GCC_C_LANGUAGE_STANDARD = gnu17;
				GCC_NO_COMMON_BLOCKS = YES;
				GCC_WARN_64_TO_32_BIT_CONVERSION = YES;
				GCC_WARN_ABOUT_RETURN_TYPE = YES_ERROR;
				GCC_WARN_UNDECLARED_SELECTOR = YES;
				GCC_WARN_UNINITIALIZED_AUTOS = YES_AGGRESSIVE;
				GCC_WARN_UNUSED_FUNCTION = YES;
				GCC_WARN_UNUSED_VARIABLE = YES;
				LOCALIZATION_PREFERS_STRING_CATALOGS = YES;
				MACOSX_DEPLOYMENT_TARGET = 14.0;
				MTL_ENABLE_DEBUG_INFO = NO;
				MTL_FAST_MATH = YES;
				SDKROOT = macosx;
				SWIFT_COMPILATION_MODE = wholemodule;
			};
			name = Release;
		};
		466AC0122AFC218200ACA0CE /* Debug */ = {
			isa = XCBuildConfiguration;
			buildSettings = {
				ASSETCATALOG_COMPILER_APPICON_NAME = AppIcon;
				ASSETCATALOG_COMPILER_GLOBAL_ACCENT_COLOR_NAME = AccentColor;
				CODE_SIGN_ENTITLEMENTS = punch/punch.entitlements;
				CODE_SIGN_STYLE = Automatic;
				COMBINE_HIDPI_IMAGES = YES;
				CURRENT_PROJECT_VERSION = 1;
				DEVELOPMENT_ASSET_PATHS = "\"punch/Preview Content\"";
				DEVELOPMENT_TEAM = HT34RQMQU3;
				ENABLE_HARDENED_RUNTIME = YES;
				ENABLE_PREVIEWS = YES;
				FRAMEWORK_SEARCH_PATHS = (
					"$(inherited)",
					"$(LOCAL_LIBRARY_DIR)/Frameworks",
				);
				GCC_OPTIMIZATION_LEVEL = 0;
				GENERATE_INFOPLIST_FILE = YES;
				INFOPLIST_KEY_NSHumanReadableCopyright = "";
				LD_RUNPATH_SEARCH_PATHS = (
					"$(inherited)",
					"@executable_path/../Frameworks",
				);
				MARKETING_VERSION = 1.0;
				PRODUCT_BUNDLE_IDENTIFIER = com.elmerucr.punch;
				PRODUCT_NAME = "$(TARGET_NAME)";
				SWIFT_EMIT_LOC_STRINGS = YES;
				SWIFT_VERSION = 5.0;
			};
			name = Debug;
		};
		466AC0132AFC218200ACA0CE /* Release */ = {
			isa = XCBuildConfiguration;
			buildSettings = {
				ASSETCATALOG_COMPILER_APPICON_NAME = AppIcon;
				ASSETCATALOG_COMPILER_GLOBAL_ACCENT_COLOR_NAME = AccentColor;
				CODE_SIGN_ENTITLEMENTS = punch/punch.entitlements;
				CODE_SIGN_STYLE = Automatic;
				COMBINE_HIDPI_IMAGES = YES;
				CURRENT_PROJECT_VERSION = 1;
				DEVELOPMENT_ASSET_PATHS = "\"punch/Preview Content\"";
				DEVELOPMENT_TEAM = HT34RQMQU3;
				ENABLE_HARDENED_RUNTIME = YES;
				ENABLE_PREVIEWS = YES;
				FRAMEWORK_SEARCH_PATHS = (
					"$(inherited)",
					"$(LOCAL_LIBRARY_DIR)/Frameworks",
				);
				GENERATE_INFOPLIST_FILE = YES;
				INFOPLIST_KEY_NSHumanReadableCopyright = "";
				LD_RUNPATH_SEARCH_PATHS = (
					"$(inherited)",
					"@executable_path/../Frameworks",
				);
				MARKETING_VERSION = 1.0;
				PRODUCT_BUNDLE_IDENTIFIER = com.elmerucr.punch;
				PRODUCT_NAME = "$(TARGET_NAME)";
				SWIFT_EMIT_LOC_STRINGS = YES;
				SWIFT_VERSION = 5.0;
			};
			name = Release;
		};
/* End XCBuildConfiguration section */

/* Begin XCConfigurationList section */
		466ABFFD2AFC218100ACA0CE /* Build configuration list for PBXProject "punch" */ = {
			isa = XCConfigurationList;
			buildConfigurations = (
				466AC00F2AFC218200ACA0CE /* Debug */,
				466AC0102AFC218200ACA0CE /* Release */,
			);
			defaultConfigurationIsVisible = 0;
			defaultConfigurationName = Release;
		};
		466AC0112AFC218200ACA0CE /* Build configuration list for PBXNativeTarget "punch" */ = {
			isa = XCConfigurationList;
			buildConfigurations = (
				466AC0122AFC218200ACA0CE /* Debug */,
				466AC0132AFC218200ACA0CE /* Release */,
			);
			defaultConfigurationIsVisible = 0;
			defaultConfigurationName = Release;
		};
/* End XCConfigurationList section */
	};
	rootObject = 466ABFFA2AFC218100ACA0CE /* Project object */;
}
