// !$*UTF8*$!
{
	archiveVersion = 1;
	classes = {
	};
	objectVersion = 56;
	objects = {

/* Begin PBXBuildFile section */
		4602D30C2B0013B500D77BF3 /* SDL2.framework in Frameworks */ = {isa = PBXBuildFile; fileRef = 4602D30B2B0013B500D77BF3 /* SDL2.framework */; };
		4602D30E2B00142D00D77BF3 /* SDL2.framework in Embed Frameworks */ = {isa = PBXBuildFile; fileRef = 4602D30B2B0013B500D77BF3 /* SDL2.framework */; settings = {ATTRIBUTES = (CodeSignOnCopy, RemoveHeadersOnCopy, ); }; };
		4614F9F22B2E29F3005C9BE3 /* system.cpp in Sources */ = {isa = PBXBuildFile; fileRef = 4614F9F02B2E29F3005C9BE3 /* system.cpp */; };
		4614F9F52B2E2A70005C9BE3 /* blitter.cpp in Sources */ = {isa = PBXBuildFile; fileRef = 4614F9F42B2E2A70005C9BE3 /* blitter.cpp */; };
		4614F9F82B2E2B76005C9BE3 /* core.cpp in Sources */ = {isa = PBXBuildFile; fileRef = 4614F9F62B2E2B76005C9BE3 /* core.cpp */; };
		461AD6602B2E2642006BAD70 /* exceptions.cpp in Sources */ = {isa = PBXBuildFile; fileRef = 461AD65E2B2E2642006BAD70 /* exceptions.cpp */; };
		464487402B3CD6C4004B04BA /* stats.cpp in Sources */ = {isa = PBXBuildFile; fileRef = 4644873E2B3CD6C4004B04BA /* stats.cpp */; };
		4647EAA42B2E434000D0884E /* debugger.cpp in Sources */ = {isa = PBXBuildFile; fileRef = 4647EAA22B2E434000D0884E /* debugger.cpp */; };
		4647EAA72B2E43BE00D0884E /* host.cpp in Sources */ = {isa = PBXBuildFile; fileRef = 4647EAA52B2E43BE00D0884E /* host.cpp */; };
		4647EAAA2B2E441300D0884E /* keyboard.cpp in Sources */ = {isa = PBXBuildFile; fileRef = 4647EAA92B2E441300D0884E /* keyboard.cpp */; };
		4647EAAD2B2E445A00D0884E /* terminal.cpp in Sources */ = {isa = PBXBuildFile; fileRef = 4647EAAB2B2E445A00D0884E /* terminal.cpp */; };
		4647EAB02B2E44CF00D0884E /* timer.cpp in Sources */ = {isa = PBXBuildFile; fileRef = 4647EAAE2B2E44CF00D0884E /* timer.cpp */; };
		4647EACB2B2E46A500D0884E /* wave6581_PST.cc in Sources */ = {isa = PBXBuildFile; fileRef = 4647EAB22B2E46A500D0884E /* wave6581_PST.cc */; };
		4647EACC2B2E46A500D0884E /* sid.cc in Sources */ = {isa = PBXBuildFile; fileRef = 4647EAB32B2E46A500D0884E /* sid.cc */; };
		4647EACD2B2E46A500D0884E /* envelope.cc in Sources */ = {isa = PBXBuildFile; fileRef = 4647EAB52B2E46A500D0884E /* envelope.cc */; };
		4647EACE2B2E46A500D0884E /* wave8580_P_T.cc in Sources */ = {isa = PBXBuildFile; fileRef = 4647EAB62B2E46A500D0884E /* wave8580_P_T.cc */; };
		4647EACF2B2E46A500D0884E /* pot.cc in Sources */ = {isa = PBXBuildFile; fileRef = 4647EAB72B2E46A500D0884E /* pot.cc */; };
		4647EAD02B2E46A500D0884E /* wave8580_PS_.cc in Sources */ = {isa = PBXBuildFile; fileRef = 4647EABA2B2E46A500D0884E /* wave8580_PS_.cc */; };
		4647EAD12B2E46A500D0884E /* wave8580__ST.cc in Sources */ = {isa = PBXBuildFile; fileRef = 4647EABB2B2E46A500D0884E /* wave8580__ST.cc */; };
		4647EAD22B2E46A500D0884E /* filter.cc in Sources */ = {isa = PBXBuildFile; fileRef = 4647EABD2B2E46A500D0884E /* filter.cc */; };
		4647EAD32B2E46A500D0884E /* wave6581__ST.cc in Sources */ = {isa = PBXBuildFile; fileRef = 4647EABF2B2E46A500D0884E /* wave6581__ST.cc */; };
		4647EAD42B2E46A500D0884E /* wave6581_P_T.cc in Sources */ = {isa = PBXBuildFile; fileRef = 4647EAC42B2E46A500D0884E /* wave6581_P_T.cc */; };
		4647EAD52B2E46A500D0884E /* wave8580_PST.cc in Sources */ = {isa = PBXBuildFile; fileRef = 4647EAC52B2E46A500D0884E /* wave8580_PST.cc */; };
		4647EAD62B2E46A500D0884E /* voice.cc in Sources */ = {isa = PBXBuildFile; fileRef = 4647EAC62B2E46A500D0884E /* voice.cc */; };
		4647EAD72B2E46A500D0884E /* extfilt.cc in Sources */ = {isa = PBXBuildFile; fileRef = 4647EAC72B2E46A500D0884E /* extfilt.cc */; };
		4647EAD82B2E46A500D0884E /* wave6581_PS_.cc in Sources */ = {isa = PBXBuildFile; fileRef = 4647EAC82B2E46A500D0884E /* wave6581_PS_.cc */; };
		4647EAD92B2E46A500D0884E /* version.cc in Sources */ = {isa = PBXBuildFile; fileRef = 4647EAC92B2E46A500D0884E /* version.cc */; };
		4647EADA2B2E46A500D0884E /* wave.cc in Sources */ = {isa = PBXBuildFile; fileRef = 4647EACA2B2E46A500D0884E /* wave.cc */; };
		4647EADF2B2E471400D0884E /* analog.cpp in Sources */ = {isa = PBXBuildFile; fileRef = 4647EADD2B2E471400D0884E /* analog.cpp */; };
		4647EAE02B2E471400D0884E /* sound.cpp in Sources */ = {isa = PBXBuildFile; fileRef = 4647EADE2B2E471400D0884E /* sound.cpp */; };
		4651A8E12C246AD400B0D24E /* luna.cpp in Sources */ = {isa = PBXBuildFile; fileRef = 4651A8DF2C246AD400B0D24E /* luna.cpp */; };
		4654C9852B3772E300AF2582 /* rom.cpp in Sources */ = {isa = PBXBuildFile; fileRef = 4654C9842B3772E300AF2582 /* rom.cpp */; };
		466AC00A2AFC218200ACA0CE /* Assets.xcassets in Resources */ = {isa = PBXBuildFile; fileRef = 466AC0092AFC218200ACA0CE /* Assets.xcassets */; };
		466AC00D2AFC218200ACA0CE /* Preview Assets.xcassets in Resources */ = {isa = PBXBuildFile; fileRef = 466AC00C2AFC218200ACA0CE /* Preview Assets.xcassets */; };
		466AC0162AFC220900ACA0CE /* main.cpp in Sources */ = {isa = PBXBuildFile; fileRef = 466AC0152AFC220900ACA0CE /* main.cpp */; };
		467945272C4A9F3900F16064 /* ldblib.c in Sources */ = {isa = PBXBuildFile; fileRef = 467944EB2C4A9F3800F16064 /* ldblib.c */; };
		467945282C4A9F3900F16064 /* lfunc.c in Sources */ = {isa = PBXBuildFile; fileRef = 467944EC2C4A9F3800F16064 /* lfunc.c */; };
		467945292C4A9F3900F16064 /* loslib.c in Sources */ = {isa = PBXBuildFile; fileRef = 467944ED2C4A9F3800F16064 /* loslib.c */; };
		4679452A2C4A9F3900F16064 /* lvm.c in Sources */ = {isa = PBXBuildFile; fileRef = 467944F52C4A9F3800F16064 /* lvm.c */; };
		4679452B2C4A9F3900F16064 /* lmathlib.c in Sources */ = {isa = PBXBuildFile; fileRef = 467944F72C4A9F3800F16064 /* lmathlib.c */; };
		4679452C2C4A9F3900F16064 /* lcode.c in Sources */ = {isa = PBXBuildFile; fileRef = 467944F92C4A9F3800F16064 /* lcode.c */; };
		4679452D2C4A9F3900F16064 /* llex.c in Sources */ = {isa = PBXBuildFile; fileRef = 467944FB2C4A9F3800F16064 /* llex.c */; };
		4679452E2C4A9F3900F16064 /* linit.c in Sources */ = {isa = PBXBuildFile; fileRef = 467944FD2C4A9F3800F16064 /* linit.c */; };
		4679452F2C4A9F3900F16064 /* ltable.c in Sources */ = {isa = PBXBuildFile; fileRef = 467944FE2C4A9F3800F16064 /* ltable.c */; };
		467945302C4A9F3900F16064 /* ltm.c in Sources */ = {isa = PBXBuildFile; fileRef = 467945002C4A9F3800F16064 /* ltm.c */; };
		467945312C4A9F3900F16064 /* loadlib.c in Sources */ = {isa = PBXBuildFile; fileRef = 467945012C4A9F3800F16064 /* loadlib.c */; };
		467945322C4A9F3900F16064 /* lauxlib.c in Sources */ = {isa = PBXBuildFile; fileRef = 467945022C4A9F3800F16064 /* lauxlib.c */; };
		467945332C4A9F3900F16064 /* ldump.c in Sources */ = {isa = PBXBuildFile; fileRef = 467945042C4A9F3900F16064 /* ldump.c */; };
		467945342C4A9F3900F16064 /* lctype.c in Sources */ = {isa = PBXBuildFile; fileRef = 467945052C4A9F3900F16064 /* lctype.c */; };
		467945352C4A9F3900F16064 /* lbaselib.c in Sources */ = {isa = PBXBuildFile; fileRef = 467945062C4A9F3900F16064 /* lbaselib.c */; };
		467945362C4A9F3900F16064 /* lopcodes.c in Sources */ = {isa = PBXBuildFile; fileRef = 467945082C4A9F3900F16064 /* lopcodes.c */; };
		467945372C4A9F3900F16064 /* lcorolib.c in Sources */ = {isa = PBXBuildFile; fileRef = 4679450C2C4A9F3900F16064 /* lcorolib.c */; };
		467945382C4A9F3900F16064 /* lobject.c in Sources */ = {isa = PBXBuildFile; fileRef = 4679450D2C4A9F3900F16064 /* lobject.c */; };
		467945392C4A9F3900F16064 /* ldebug.c in Sources */ = {isa = PBXBuildFile; fileRef = 4679450F2C4A9F3900F16064 /* ldebug.c */; };
		4679453A2C4A9F3900F16064 /* lutf8lib.c in Sources */ = {isa = PBXBuildFile; fileRef = 467945102C4A9F3900F16064 /* lutf8lib.c */; };
		4679453B2C4A9F3900F16064 /* lgc.c in Sources */ = {isa = PBXBuildFile; fileRef = 467945122C4A9F3900F16064 /* lgc.c */; };
		4679453C2C4A9F3900F16064 /* lstring.c in Sources */ = {isa = PBXBuildFile; fileRef = 467945132C4A9F3900F16064 /* lstring.c */; };
		4679453D2C4A9F3900F16064 /* lmem.c in Sources */ = {isa = PBXBuildFile; fileRef = 467945152C4A9F3900F16064 /* lmem.c */; };
		4679453E2C4A9F3900F16064 /* lstrlib.c in Sources */ = {isa = PBXBuildFile; fileRef = 467945192C4A9F3900F16064 /* lstrlib.c */; };
		4679453F2C4A9F3900F16064 /* lapi.c in Sources */ = {isa = PBXBuildFile; fileRef = 4679451C2C4A9F3900F16064 /* lapi.c */; };
		467945402C4A9F3900F16064 /* lparser.c in Sources */ = {isa = PBXBuildFile; fileRef = 4679451D2C4A9F3900F16064 /* lparser.c */; };
		467945412C4A9F3900F16064 /* ldo.c in Sources */ = {isa = PBXBuildFile; fileRef = 4679451E2C4A9F3900F16064 /* ldo.c */; };
		467945422C4A9F3900F16064 /* ltablib.c in Sources */ = {isa = PBXBuildFile; fileRef = 4679451F2C4A9F3900F16064 /* ltablib.c */; };
		467945432C4A9F3900F16064 /* lundump.c in Sources */ = {isa = PBXBuildFile; fileRef = 467945202C4A9F3900F16064 /* lundump.c */; };
		467945442C4A9F3900F16064 /* lstate.c in Sources */ = {isa = PBXBuildFile; fileRef = 467945212C4A9F3900F16064 /* lstate.c */; };
		467945452C4A9F3900F16064 /* liolib.c in Sources */ = {isa = PBXBuildFile; fileRef = 467945222C4A9F3900F16064 /* liolib.c */; };
		467945462C4A9F3900F16064 /* lzio.c in Sources */ = {isa = PBXBuildFile; fileRef = 467945252C4A9F3900F16064 /* lzio.c */; };
		469AE7A12B2E1E5D00EB3B08 /* cpu.cpp in Sources */ = {isa = PBXBuildFile; fileRef = 469AE79F2B2E1E5D00EB3B08 /* cpu.cpp */; };
		46F181592B00E79800E7FDC8 /* mc6809_disassembler.cpp in Sources */ = {isa = PBXBuildFile; fileRef = 46F181542B00E79800E7FDC8 /* mc6809_disassembler.cpp */; };
		46F1815A2B00E79800E7FDC8 /* mc6809_instructions.cpp in Sources */ = {isa = PBXBuildFile; fileRef = 46F181552B00E79800E7FDC8 /* mc6809_instructions.cpp */; };
		46F1815B2B00E79800E7FDC8 /* mc6809_addressing_modes.cpp in Sources */ = {isa = PBXBuildFile; fileRef = 46F181572B00E79800E7FDC8 /* mc6809_addressing_modes.cpp */; };
		46F1815C2B00E79800E7FDC8 /* mc6809.cpp in Sources */ = {isa = PBXBuildFile; fileRef = 46F181582B00E79800E7FDC8 /* mc6809.cpp */; };
/* End PBXBuildFile section */

/* Begin PBXCopyFilesBuildPhase section */
		466AC01F2AFC280B00ACA0CE /* Embed Frameworks */ = {
			isa = PBXCopyFilesBuildPhase;
			buildActionMask = 2147483647;
			dstPath = "";
			dstSubfolderSpec = 10;
			files = (
				4602D30E2B00142D00D77BF3 /* SDL2.framework in Embed Frameworks */,
			);
			name = "Embed Frameworks";
			runOnlyForDeploymentPostprocessing = 0;
		};
/* End PBXCopyFilesBuildPhase section */

/* Begin PBXFileReference section */
		4602D30B2B0013B500D77BF3 /* SDL2.framework */ = {isa = PBXFileReference; lastKnownFileType = wrapper.framework; name = SDL2.framework; path = ../../../../../Library/Frameworks/SDL2.framework; sourceTree = "<group>"; };
		4614F9F02B2E29F3005C9BE3 /* system.cpp */ = {isa = PBXFileReference; fileEncoding = 4; lastKnownFileType = sourcecode.cpp.cpp; name = system.cpp; path = ../../src/system.cpp; sourceTree = "<group>"; };
		4614F9F12B2E29F3005C9BE3 /* system.hpp */ = {isa = PBXFileReference; fileEncoding = 4; lastKnownFileType = sourcecode.cpp.h; name = system.hpp; path = ../../src/system.hpp; sourceTree = "<group>"; };
		4614F9F32B2E2A70005C9BE3 /* blitter.hpp */ = {isa = PBXFileReference; fileEncoding = 4; lastKnownFileType = sourcecode.cpp.h; name = blitter.hpp; path = ../../src/blitter.hpp; sourceTree = "<group>"; };
		4614F9F42B2E2A70005C9BE3 /* blitter.cpp */ = {isa = PBXFileReference; fileEncoding = 4; lastKnownFileType = sourcecode.cpp.cpp; name = blitter.cpp; path = ../../src/blitter.cpp; sourceTree = "<group>"; };
		4614F9F62B2E2B76005C9BE3 /* core.cpp */ = {isa = PBXFileReference; fileEncoding = 4; lastKnownFileType = sourcecode.cpp.cpp; name = core.cpp; path = ../../src/core.cpp; sourceTree = "<group>"; };
		4614F9F72B2E2B76005C9BE3 /* core.hpp */ = {isa = PBXFileReference; fileEncoding = 4; lastKnownFileType = sourcecode.cpp.h; name = core.hpp; path = ../../src/core.hpp; sourceTree = "<group>"; };
		461AD65E2B2E2642006BAD70 /* exceptions.cpp */ = {isa = PBXFileReference; fileEncoding = 4; lastKnownFileType = sourcecode.cpp.cpp; name = exceptions.cpp; path = ../../src/exceptions.cpp; sourceTree = "<group>"; };
		461AD65F2B2E2642006BAD70 /* exceptions.hpp */ = {isa = PBXFileReference; fileEncoding = 4; lastKnownFileType = sourcecode.cpp.h; name = exceptions.hpp; path = ../../src/exceptions.hpp; sourceTree = "<group>"; };
		4644873E2B3CD6C4004B04BA /* stats.cpp */ = {isa = PBXFileReference; fileEncoding = 4; lastKnownFileType = sourcecode.cpp.cpp; name = stats.cpp; path = ../../src/stats.cpp; sourceTree = "<group>"; };
		4644873F2B3CD6C4004B04BA /* stats.hpp */ = {isa = PBXFileReference; fileEncoding = 4; lastKnownFileType = sourcecode.cpp.h; name = stats.hpp; path = ../../src/stats.hpp; sourceTree = "<group>"; };
		4647EAA22B2E434000D0884E /* debugger.cpp */ = {isa = PBXFileReference; fileEncoding = 4; lastKnownFileType = sourcecode.cpp.cpp; name = debugger.cpp; path = ../../src/debugger.cpp; sourceTree = "<group>"; };
		4647EAA32B2E434000D0884E /* debugger.hpp */ = {isa = PBXFileReference; fileEncoding = 4; lastKnownFileType = sourcecode.cpp.h; name = debugger.hpp; path = ../../src/debugger.hpp; sourceTree = "<group>"; };
		4647EAA52B2E43BE00D0884E /* host.cpp */ = {isa = PBXFileReference; fileEncoding = 4; lastKnownFileType = sourcecode.cpp.cpp; name = host.cpp; path = ../../src/host.cpp; sourceTree = "<group>"; };
		4647EAA62B2E43BE00D0884E /* host.hpp */ = {isa = PBXFileReference; fileEncoding = 4; lastKnownFileType = sourcecode.cpp.h; name = host.hpp; path = ../../src/host.hpp; sourceTree = "<group>"; };
		4647EAA82B2E441300D0884E /* keyboard.hpp */ = {isa = PBXFileReference; fileEncoding = 4; lastKnownFileType = sourcecode.cpp.h; name = keyboard.hpp; path = ../../src/keyboard.hpp; sourceTree = "<group>"; };
		4647EAA92B2E441300D0884E /* keyboard.cpp */ = {isa = PBXFileReference; fileEncoding = 4; lastKnownFileType = sourcecode.cpp.cpp; name = keyboard.cpp; path = ../../src/keyboard.cpp; sourceTree = "<group>"; };
		4647EAAB2B2E445A00D0884E /* terminal.cpp */ = {isa = PBXFileReference; fileEncoding = 4; lastKnownFileType = sourcecode.cpp.cpp; name = terminal.cpp; path = ../../src/terminal.cpp; sourceTree = "<group>"; };
		4647EAAC2B2E445A00D0884E /* terminal.hpp */ = {isa = PBXFileReference; fileEncoding = 4; lastKnownFileType = sourcecode.cpp.h; name = terminal.hpp; path = ../../src/terminal.hpp; sourceTree = "<group>"; };
		4647EAAE2B2E44CF00D0884E /* timer.cpp */ = {isa = PBXFileReference; fileEncoding = 4; lastKnownFileType = sourcecode.cpp.cpp; name = timer.cpp; path = ../../src/timer.cpp; sourceTree = "<group>"; };
		4647EAAF2B2E44CF00D0884E /* timer.hpp */ = {isa = PBXFileReference; fileEncoding = 4; lastKnownFileType = sourcecode.cpp.h; name = timer.hpp; path = ../../src/timer.hpp; sourceTree = "<group>"; };
		4647EAB22B2E46A500D0884E /* wave6581_PST.cc */ = {isa = PBXFileReference; fileEncoding = 4; lastKnownFileType = sourcecode.cpp.cpp; name = wave6581_PST.cc; path = "../../src/resid-0.16/wave6581_PST.cc"; sourceTree = "<group>"; };
		4647EAB32B2E46A500D0884E /* sid.cc */ = {isa = PBXFileReference; fileEncoding = 4; lastKnownFileType = sourcecode.cpp.cpp; name = sid.cc; path = "../../src/resid-0.16/sid.cc"; sourceTree = "<group>"; };
		4647EAB42B2E46A500D0884E /* voice.h */ = {isa = PBXFileReference; fileEncoding = 4; lastKnownFileType = sourcecode.c.h; name = voice.h; path = "../../src/resid-0.16/voice.h"; sourceTree = "<group>"; };
		4647EAB52B2E46A500D0884E /* envelope.cc */ = {isa = PBXFileReference; fileEncoding = 4; lastKnownFileType = sourcecode.cpp.cpp; name = envelope.cc; path = "../../src/resid-0.16/envelope.cc"; sourceTree = "<group>"; };
		4647EAB62B2E46A500D0884E /* wave8580_P_T.cc */ = {isa = PBXFileReference; fileEncoding = 4; lastKnownFileType = sourcecode.cpp.cpp; name = wave8580_P_T.cc; path = "../../src/resid-0.16/wave8580_P_T.cc"; sourceTree = "<group>"; };
		4647EAB72B2E46A500D0884E /* pot.cc */ = {isa = PBXFileReference; fileEncoding = 4; lastKnownFileType = sourcecode.cpp.cpp; name = pot.cc; path = "../../src/resid-0.16/pot.cc"; sourceTree = "<group>"; };
		4647EAB82B2E46A500D0884E /* wave.h */ = {isa = PBXFileReference; fileEncoding = 4; lastKnownFileType = sourcecode.c.h; name = wave.h; path = "../../src/resid-0.16/wave.h"; sourceTree = "<group>"; };
		4647EAB92B2E46A500D0884E /* pot.h */ = {isa = PBXFileReference; fileEncoding = 4; lastKnownFileType = sourcecode.c.h; name = pot.h; path = "../../src/resid-0.16/pot.h"; sourceTree = "<group>"; };
		4647EABA2B2E46A500D0884E /* wave8580_PS_.cc */ = {isa = PBXFileReference; fileEncoding = 4; lastKnownFileType = sourcecode.cpp.cpp; name = wave8580_PS_.cc; path = "../../src/resid-0.16/wave8580_PS_.cc"; sourceTree = "<group>"; };
		4647EABB2B2E46A500D0884E /* wave8580__ST.cc */ = {isa = PBXFileReference; fileEncoding = 4; lastKnownFileType = sourcecode.cpp.cpp; name = wave8580__ST.cc; path = "../../src/resid-0.16/wave8580__ST.cc"; sourceTree = "<group>"; };
		4647EABC2B2E46A500D0884E /* envelope.h */ = {isa = PBXFileReference; fileEncoding = 4; lastKnownFileType = sourcecode.c.h; name = envelope.h; path = "../../src/resid-0.16/envelope.h"; sourceTree = "<group>"; };
		4647EABD2B2E46A500D0884E /* filter.cc */ = {isa = PBXFileReference; fileEncoding = 4; lastKnownFileType = sourcecode.cpp.cpp; name = filter.cc; path = "../../src/resid-0.16/filter.cc"; sourceTree = "<group>"; };
		4647EABE2B2E46A500D0884E /* sid.h */ = {isa = PBXFileReference; fileEncoding = 4; lastKnownFileType = sourcecode.c.h; name = sid.h; path = "../../src/resid-0.16/sid.h"; sourceTree = "<group>"; };
		4647EABF2B2E46A500D0884E /* wave6581__ST.cc */ = {isa = PBXFileReference; fileEncoding = 4; lastKnownFileType = sourcecode.cpp.cpp; name = wave6581__ST.cc; path = "../../src/resid-0.16/wave6581__ST.cc"; sourceTree = "<group>"; };
		4647EAC02B2E46A500D0884E /* filter.h */ = {isa = PBXFileReference; fileEncoding = 4; lastKnownFileType = sourcecode.c.h; name = filter.h; path = "../../src/resid-0.16/filter.h"; sourceTree = "<group>"; };
		4647EAC12B2E46A500D0884E /* spline.h */ = {isa = PBXFileReference; fileEncoding = 4; lastKnownFileType = sourcecode.c.h; name = spline.h; path = "../../src/resid-0.16/spline.h"; sourceTree = "<group>"; };
		4647EAC22B2E46A500D0884E /* siddefs.h */ = {isa = PBXFileReference; fileEncoding = 4; lastKnownFileType = sourcecode.c.h; name = siddefs.h; path = "../../src/resid-0.16/siddefs.h"; sourceTree = "<group>"; };
		4647EAC32B2E46A500D0884E /* extfilt.h */ = {isa = PBXFileReference; fileEncoding = 4; lastKnownFileType = sourcecode.c.h; name = extfilt.h; path = "../../src/resid-0.16/extfilt.h"; sourceTree = "<group>"; };
		4647EAC42B2E46A500D0884E /* wave6581_P_T.cc */ = {isa = PBXFileReference; fileEncoding = 4; lastKnownFileType = sourcecode.cpp.cpp; name = wave6581_P_T.cc; path = "../../src/resid-0.16/wave6581_P_T.cc"; sourceTree = "<group>"; };
		4647EAC52B2E46A500D0884E /* wave8580_PST.cc */ = {isa = PBXFileReference; fileEncoding = 4; lastKnownFileType = sourcecode.cpp.cpp; name = wave8580_PST.cc; path = "../../src/resid-0.16/wave8580_PST.cc"; sourceTree = "<group>"; };
		4647EAC62B2E46A500D0884E /* voice.cc */ = {isa = PBXFileReference; fileEncoding = 4; lastKnownFileType = sourcecode.cpp.cpp; name = voice.cc; path = "../../src/resid-0.16/voice.cc"; sourceTree = "<group>"; };
		4647EAC72B2E46A500D0884E /* extfilt.cc */ = {isa = PBXFileReference; fileEncoding = 4; lastKnownFileType = sourcecode.cpp.cpp; name = extfilt.cc; path = "../../src/resid-0.16/extfilt.cc"; sourceTree = "<group>"; };
		4647EAC82B2E46A500D0884E /* wave6581_PS_.cc */ = {isa = PBXFileReference; fileEncoding = 4; lastKnownFileType = sourcecode.cpp.cpp; name = wave6581_PS_.cc; path = "../../src/resid-0.16/wave6581_PS_.cc"; sourceTree = "<group>"; };
		4647EAC92B2E46A500D0884E /* version.cc */ = {isa = PBXFileReference; fileEncoding = 4; lastKnownFileType = sourcecode.cpp.cpp; name = version.cc; path = "../../src/resid-0.16/version.cc"; sourceTree = "<group>"; };
		4647EACA2B2E46A500D0884E /* wave.cc */ = {isa = PBXFileReference; fileEncoding = 4; lastKnownFileType = sourcecode.cpp.cpp; name = wave.cc; path = "../../src/resid-0.16/wave.cc"; sourceTree = "<group>"; };
		4647EADB2B2E471400D0884E /* analog.hpp */ = {isa = PBXFileReference; fileEncoding = 4; lastKnownFileType = sourcecode.cpp.h; name = analog.hpp; path = ../../src/analog.hpp; sourceTree = "<group>"; };
		4647EADC2B2E471400D0884E /* sound.hpp */ = {isa = PBXFileReference; fileEncoding = 4; lastKnownFileType = sourcecode.cpp.h; name = sound.hpp; path = ../../src/sound.hpp; sourceTree = "<group>"; };
		4647EADD2B2E471400D0884E /* analog.cpp */ = {isa = PBXFileReference; fileEncoding = 4; lastKnownFileType = sourcecode.cpp.cpp; name = analog.cpp; path = ../../src/analog.cpp; sourceTree = "<group>"; };
		4647EADE2B2E471400D0884E /* sound.cpp */ = {isa = PBXFileReference; fileEncoding = 4; lastKnownFileType = sourcecode.cpp.cpp; name = sound.cpp; path = ../../src/sound.cpp; sourceTree = "<group>"; };
		4651A8DF2C246AD400B0D24E /* luna.cpp */ = {isa = PBXFileReference; fileEncoding = 4; lastKnownFileType = sourcecode.cpp.cpp; name = luna.cpp; path = ../../src/luna.cpp; sourceTree = "<group>"; };
		4651A8E02C246AD400B0D24E /* luna.hpp */ = {isa = PBXFileReference; fileEncoding = 4; lastKnownFileType = sourcecode.cpp.h; name = luna.hpp; path = ../../src/luna.hpp; sourceTree = "<group>"; };
		4654C9842B3772E300AF2582 /* rom.cpp */ = {isa = PBXFileReference; fileEncoding = 4; lastKnownFileType = sourcecode.cpp.cpp; name = rom.cpp; path = ../../src/rom.cpp; sourceTree = "<group>"; };
		466AC0022AFC218100ACA0CE /* punch.app */ = {isa = PBXFileReference; explicitFileType = wrapper.application; includeInIndex = 0; path = punch.app; sourceTree = BUILT_PRODUCTS_DIR; };
		466AC0092AFC218200ACA0CE /* Assets.xcassets */ = {isa = PBXFileReference; lastKnownFileType = folder.assetcatalog; path = Assets.xcassets; sourceTree = "<group>"; };
		466AC00C2AFC218200ACA0CE /* Preview Assets.xcassets */ = {isa = PBXFileReference; lastKnownFileType = folder.assetcatalog; path = "Preview Assets.xcassets"; sourceTree = "<group>"; };
		466AC00E2AFC218200ACA0CE /* punch.entitlements */ = {isa = PBXFileReference; lastKnownFileType = text.plist.entitlements; path = punch.entitlements; sourceTree = "<group>"; };
		466AC0152AFC220900ACA0CE /* main.cpp */ = {isa = PBXFileReference; fileEncoding = 4; lastKnownFileType = sourcecode.cpp.cpp; name = main.cpp; path = ../../src/main.cpp; sourceTree = "<group>"; };
		466AC0232AFC29B100ACA0CE /* common.hpp */ = {isa = PBXFileReference; fileEncoding = 4; lastKnownFileType = sourcecode.cpp.h; name = common.hpp; path = ../../src/common.hpp; sourceTree = "<group>"; };
		467944EB2C4A9F3800F16064 /* ldblib.c */ = {isa = PBXFileReference; fileEncoding = 4; lastKnownFileType = sourcecode.c.c; name = ldblib.c; path = "../../src/lua-5.4.7/src/ldblib.c"; sourceTree = "<group>"; };
		467944EC2C4A9F3800F16064 /* lfunc.c */ = {isa = PBXFileReference; fileEncoding = 4; lastKnownFileType = sourcecode.c.c; name = lfunc.c; path = "../../src/lua-5.4.7/src/lfunc.c"; sourceTree = "<group>"; };
		467944ED2C4A9F3800F16064 /* loslib.c */ = {isa = PBXFileReference; fileEncoding = 4; lastKnownFileType = sourcecode.c.c; name = loslib.c; path = "../../src/lua-5.4.7/src/loslib.c"; sourceTree = "<group>"; };
		467944EE2C4A9F3800F16064 /* lprefix.h */ = {isa = PBXFileReference; fileEncoding = 4; lastKnownFileType = sourcecode.c.h; name = lprefix.h; path = "../../src/lua-5.4.7/src/lprefix.h"; sourceTree = "<group>"; };
		467944EF2C4A9F3800F16064 /* ljumptab.h */ = {isa = PBXFileReference; fileEncoding = 4; lastKnownFileType = sourcecode.c.h; name = ljumptab.h; path = "../../src/lua-5.4.7/src/ljumptab.h"; sourceTree = "<group>"; };
		467944F02C4A9F3800F16064 /* llex.h */ = {isa = PBXFileReference; fileEncoding = 4; lastKnownFileType = sourcecode.c.h; name = llex.h; path = "../../src/lua-5.4.7/src/llex.h"; sourceTree = "<group>"; };
		467944F12C4A9F3800F16064 /* lobject.h */ = {isa = PBXFileReference; fileEncoding = 4; lastKnownFileType = sourcecode.c.h; name = lobject.h; path = "../../src/lua-5.4.7/src/lobject.h"; sourceTree = "<group>"; };
		467944F22C4A9F3800F16064 /* lparser.h */ = {isa = PBXFileReference; fileEncoding = 4; lastKnownFileType = sourcecode.c.h; name = lparser.h; path = "../../src/lua-5.4.7/src/lparser.h"; sourceTree = "<group>"; };
		467944F32C4A9F3800F16064 /* lvm.h */ = {isa = PBXFileReference; fileEncoding = 4; lastKnownFileType = sourcecode.c.h; name = lvm.h; path = "../../src/lua-5.4.7/src/lvm.h"; sourceTree = "<group>"; };
		467944F42C4A9F3800F16064 /* luaconf.h */ = {isa = PBXFileReference; fileEncoding = 4; lastKnownFileType = sourcecode.c.h; name = luaconf.h; path = "../../src/lua-5.4.7/src/luaconf.h"; sourceTree = "<group>"; };
		467944F52C4A9F3800F16064 /* lvm.c */ = {isa = PBXFileReference; fileEncoding = 4; lastKnownFileType = sourcecode.c.c; name = lvm.c; path = "../../src/lua-5.4.7/src/lvm.c"; sourceTree = "<group>"; };
		467944F62C4A9F3800F16064 /* lauxlib.h */ = {isa = PBXFileReference; fileEncoding = 4; lastKnownFileType = sourcecode.c.h; name = lauxlib.h; path = "../../src/lua-5.4.7/src/lauxlib.h"; sourceTree = "<group>"; };
		467944F72C4A9F3800F16064 /* lmathlib.c */ = {isa = PBXFileReference; fileEncoding = 4; lastKnownFileType = sourcecode.c.c; name = lmathlib.c; path = "../../src/lua-5.4.7/src/lmathlib.c"; sourceTree = "<group>"; };
		467944F82C4A9F3800F16064 /* lctype.h */ = {isa = PBXFileReference; fileEncoding = 4; lastKnownFileType = sourcecode.c.h; name = lctype.h; path = "../../src/lua-5.4.7/src/lctype.h"; sourceTree = "<group>"; };
		467944F92C4A9F3800F16064 /* lcode.c */ = {isa = PBXFileReference; fileEncoding = 4; lastKnownFileType = sourcecode.c.c; name = lcode.c; path = "../../src/lua-5.4.7/src/lcode.c"; sourceTree = "<group>"; };
		467944FA2C4A9F3800F16064 /* lmem.h */ = {isa = PBXFileReference; fileEncoding = 4; lastKnownFileType = sourcecode.c.h; name = lmem.h; path = "../../src/lua-5.4.7/src/lmem.h"; sourceTree = "<group>"; };
		467944FB2C4A9F3800F16064 /* llex.c */ = {isa = PBXFileReference; fileEncoding = 4; lastKnownFileType = sourcecode.c.c; name = llex.c; path = "../../src/lua-5.4.7/src/llex.c"; sourceTree = "<group>"; };
		467944FC2C4A9F3800F16064 /* lua.hpp */ = {isa = PBXFileReference; fileEncoding = 4; lastKnownFileType = sourcecode.cpp.h; name = lua.hpp; path = "../../src/lua-5.4.7/src/lua.hpp"; sourceTree = "<group>"; };
		467944FD2C4A9F3800F16064 /* linit.c */ = {isa = PBXFileReference; fileEncoding = 4; lastKnownFileType = sourcecode.c.c; name = linit.c; path = "../../src/lua-5.4.7/src/linit.c"; sourceTree = "<group>"; };
		467944FE2C4A9F3800F16064 /* ltable.c */ = {isa = PBXFileReference; fileEncoding = 4; lastKnownFileType = sourcecode.c.c; name = ltable.c; path = "../../src/lua-5.4.7/src/ltable.c"; sourceTree = "<group>"; };
		467944FF2C4A9F3800F16064 /* lua.h */ = {isa = PBXFileReference; fileEncoding = 4; lastKnownFileType = sourcecode.c.h; name = lua.h; path = "../../src/lua-5.4.7/src/lua.h"; sourceTree = "<group>"; };
		467945002C4A9F3800F16064 /* ltm.c */ = {isa = PBXFileReference; fileEncoding = 4; lastKnownFileType = sourcecode.c.c; name = ltm.c; path = "../../src/lua-5.4.7/src/ltm.c"; sourceTree = "<group>"; };
		467945012C4A9F3800F16064 /* loadlib.c */ = {isa = PBXFileReference; fileEncoding = 4; lastKnownFileType = sourcecode.c.c; name = loadlib.c; path = "../../src/lua-5.4.7/src/loadlib.c"; sourceTree = "<group>"; };
		467945022C4A9F3800F16064 /* lauxlib.c */ = {isa = PBXFileReference; fileEncoding = 4; lastKnownFileType = sourcecode.c.c; name = lauxlib.c; path = "../../src/lua-5.4.7/src/lauxlib.c"; sourceTree = "<group>"; };
		467945032C4A9F3800F16064 /* ltable.h */ = {isa = PBXFileReference; fileEncoding = 4; lastKnownFileType = sourcecode.c.h; name = ltable.h; path = "../../src/lua-5.4.7/src/ltable.h"; sourceTree = "<group>"; };
		467945042C4A9F3900F16064 /* ldump.c */ = {isa = PBXFileReference; fileEncoding = 4; lastKnownFileType = sourcecode.c.c; name = ldump.c; path = "../../src/lua-5.4.7/src/ldump.c"; sourceTree = "<group>"; };
		467945052C4A9F3900F16064 /* lctype.c */ = {isa = PBXFileReference; fileEncoding = 4; lastKnownFileType = sourcecode.c.c; name = lctype.c; path = "../../src/lua-5.4.7/src/lctype.c"; sourceTree = "<group>"; };
		467945062C4A9F3900F16064 /* lbaselib.c */ = {isa = PBXFileReference; fileEncoding = 4; lastKnownFileType = sourcecode.c.c; name = lbaselib.c; path = "../../src/lua-5.4.7/src/lbaselib.c"; sourceTree = "<group>"; };
		467945072C4A9F3900F16064 /* lopcodes.h */ = {isa = PBXFileReference; fileEncoding = 4; lastKnownFileType = sourcecode.c.h; name = lopcodes.h; path = "../../src/lua-5.4.7/src/lopcodes.h"; sourceTree = "<group>"; };
		467945082C4A9F3900F16064 /* lopcodes.c */ = {isa = PBXFileReference; fileEncoding = 4; lastKnownFileType = sourcecode.c.c; name = lopcodes.c; path = "../../src/lua-5.4.7/src/lopcodes.c"; sourceTree = "<group>"; };
		467945092C4A9F3900F16064 /* ltm.h */ = {isa = PBXFileReference; fileEncoding = 4; lastKnownFileType = sourcecode.c.h; name = ltm.h; path = "../../src/lua-5.4.7/src/ltm.h"; sourceTree = "<group>"; };
		4679450A2C4A9F3900F16064 /* lcode.h */ = {isa = PBXFileReference; fileEncoding = 4; lastKnownFileType = sourcecode.c.h; name = lcode.h; path = "../../src/lua-5.4.7/src/lcode.h"; sourceTree = "<group>"; };
		4679450B2C4A9F3900F16064 /* llimits.h */ = {isa = PBXFileReference; fileEncoding = 4; lastKnownFileType = sourcecode.c.h; name = llimits.h; path = "../../src/lua-5.4.7/src/llimits.h"; sourceTree = "<group>"; };
		4679450C2C4A9F3900F16064 /* lcorolib.c */ = {isa = PBXFileReference; fileEncoding = 4; lastKnownFileType = sourcecode.c.c; name = lcorolib.c; path = "../../src/lua-5.4.7/src/lcorolib.c"; sourceTree = "<group>"; };
		4679450D2C4A9F3900F16064 /* lobject.c */ = {isa = PBXFileReference; fileEncoding = 4; lastKnownFileType = sourcecode.c.c; name = lobject.c; path = "../../src/lua-5.4.7/src/lobject.c"; sourceTree = "<group>"; };
		4679450E2C4A9F3900F16064 /* lundump.h */ = {isa = PBXFileReference; fileEncoding = 4; lastKnownFileType = sourcecode.c.h; name = lundump.h; path = "../../src/lua-5.4.7/src/lundump.h"; sourceTree = "<group>"; };
		4679450F2C4A9F3900F16064 /* ldebug.c */ = {isa = PBXFileReference; fileEncoding = 4; lastKnownFileType = sourcecode.c.c; name = ldebug.c; path = "../../src/lua-5.4.7/src/ldebug.c"; sourceTree = "<group>"; };
		467945102C4A9F3900F16064 /* lutf8lib.c */ = {isa = PBXFileReference; fileEncoding = 4; lastKnownFileType = sourcecode.c.c; name = lutf8lib.c; path = "../../src/lua-5.4.7/src/lutf8lib.c"; sourceTree = "<group>"; };
		467945112C4A9F3900F16064 /* lzio.h */ = {isa = PBXFileReference; fileEncoding = 4; lastKnownFileType = sourcecode.c.h; name = lzio.h; path = "../../src/lua-5.4.7/src/lzio.h"; sourceTree = "<group>"; };
		467945122C4A9F3900F16064 /* lgc.c */ = {isa = PBXFileReference; fileEncoding = 4; lastKnownFileType = sourcecode.c.c; name = lgc.c; path = "../../src/lua-5.4.7/src/lgc.c"; sourceTree = "<group>"; };
		467945132C4A9F3900F16064 /* lstring.c */ = {isa = PBXFileReference; fileEncoding = 4; lastKnownFileType = sourcecode.c.c; name = lstring.c; path = "../../src/lua-5.4.7/src/lstring.c"; sourceTree = "<group>"; };
		467945142C4A9F3900F16064 /* lopnames.h */ = {isa = PBXFileReference; fileEncoding = 4; lastKnownFileType = sourcecode.c.h; name = lopnames.h; path = "../../src/lua-5.4.7/src/lopnames.h"; sourceTree = "<group>"; };
		467945152C4A9F3900F16064 /* lmem.c */ = {isa = PBXFileReference; fileEncoding = 4; lastKnownFileType = sourcecode.c.c; name = lmem.c; path = "../../src/lua-5.4.7/src/lmem.c"; sourceTree = "<group>"; };
		467945162C4A9F3900F16064 /* lfunc.h */ = {isa = PBXFileReference; fileEncoding = 4; lastKnownFileType = sourcecode.c.h; name = lfunc.h; path = "../../src/lua-5.4.7/src/lfunc.h"; sourceTree = "<group>"; };
		467945172C4A9F3900F16064 /* ldo.h */ = {isa = PBXFileReference; fileEncoding = 4; lastKnownFileType = sourcecode.c.h; name = ldo.h; path = "../../src/lua-5.4.7/src/ldo.h"; sourceTree = "<group>"; };
		467945182C4A9F3900F16064 /* lstring.h */ = {isa = PBXFileReference; fileEncoding = 4; lastKnownFileType = sourcecode.c.h; name = lstring.h; path = "../../src/lua-5.4.7/src/lstring.h"; sourceTree = "<group>"; };
		467945192C4A9F3900F16064 /* lstrlib.c */ = {isa = PBXFileReference; fileEncoding = 4; lastKnownFileType = sourcecode.c.c; name = lstrlib.c; path = "../../src/lua-5.4.7/src/lstrlib.c"; sourceTree = "<group>"; };
		4679451A2C4A9F3900F16064 /* lgc.h */ = {isa = PBXFileReference; fileEncoding = 4; lastKnownFileType = sourcecode.c.h; name = lgc.h; path = "../../src/lua-5.4.7/src/lgc.h"; sourceTree = "<group>"; };
		4679451B2C4A9F3900F16064 /* ldebug.h */ = {isa = PBXFileReference; fileEncoding = 4; lastKnownFileType = sourcecode.c.h; name = ldebug.h; path = "../../src/lua-5.4.7/src/ldebug.h"; sourceTree = "<group>"; };
		4679451C2C4A9F3900F16064 /* lapi.c */ = {isa = PBXFileReference; fileEncoding = 4; lastKnownFileType = sourcecode.c.c; name = lapi.c; path = "../../src/lua-5.4.7/src/lapi.c"; sourceTree = "<group>"; };
		4679451D2C4A9F3900F16064 /* lparser.c */ = {isa = PBXFileReference; fileEncoding = 4; lastKnownFileType = sourcecode.c.c; name = lparser.c; path = "../../src/lua-5.4.7/src/lparser.c"; sourceTree = "<group>"; };
		4679451E2C4A9F3900F16064 /* ldo.c */ = {isa = PBXFileReference; fileEncoding = 4; lastKnownFileType = sourcecode.c.c; name = ldo.c; path = "../../src/lua-5.4.7/src/ldo.c"; sourceTree = "<group>"; };
		4679451F2C4A9F3900F16064 /* ltablib.c */ = {isa = PBXFileReference; fileEncoding = 4; lastKnownFileType = sourcecode.c.c; name = ltablib.c; path = "../../src/lua-5.4.7/src/ltablib.c"; sourceTree = "<group>"; };
		467945202C4A9F3900F16064 /* lundump.c */ = {isa = PBXFileReference; fileEncoding = 4; lastKnownFileType = sourcecode.c.c; name = lundump.c; path = "../../src/lua-5.4.7/src/lundump.c"; sourceTree = "<group>"; };
		467945212C4A9F3900F16064 /* lstate.c */ = {isa = PBXFileReference; fileEncoding = 4; lastKnownFileType = sourcecode.c.c; name = lstate.c; path = "../../src/lua-5.4.7/src/lstate.c"; sourceTree = "<group>"; };
		467945222C4A9F3900F16064 /* liolib.c */ = {isa = PBXFileReference; fileEncoding = 4; lastKnownFileType = sourcecode.c.c; name = liolib.c; path = "../../src/lua-5.4.7/src/liolib.c"; sourceTree = "<group>"; };
		467945232C4A9F3900F16064 /* lapi.h */ = {isa = PBXFileReference; fileEncoding = 4; lastKnownFileType = sourcecode.c.h; name = lapi.h; path = "../../src/lua-5.4.7/src/lapi.h"; sourceTree = "<group>"; };
		467945242C4A9F3900F16064 /* lualib.h */ = {isa = PBXFileReference; fileEncoding = 4; lastKnownFileType = sourcecode.c.h; name = lualib.h; path = "../../src/lua-5.4.7/src/lualib.h"; sourceTree = "<group>"; };
		467945252C4A9F3900F16064 /* lzio.c */ = {isa = PBXFileReference; fileEncoding = 4; lastKnownFileType = sourcecode.c.c; name = lzio.c; path = "../../src/lua-5.4.7/src/lzio.c"; sourceTree = "<group>"; };
		467945262C4A9F3900F16064 /* lstate.h */ = {isa = PBXFileReference; fileEncoding = 4; lastKnownFileType = sourcecode.c.h; name = lstate.h; path = "../../src/lua-5.4.7/src/lstate.h"; sourceTree = "<group>"; };
		467F90D92B9DB6AD00F3861E /* font_4x6.hpp */ = {isa = PBXFileReference; fileEncoding = 4; lastKnownFileType = sourcecode.cpp.h; name = font_4x6.hpp; path = ../../src/font_4x6.hpp; sourceTree = "<group>"; };
		469AE79F2B2E1E5D00EB3B08 /* cpu.cpp */ = {isa = PBXFileReference; fileEncoding = 4; lastKnownFileType = sourcecode.cpp.cpp; name = cpu.cpp; path = ../../src/cpu.cpp; sourceTree = "<group>"; };
		469AE7A02B2E1E5D00EB3B08 /* cpu.hpp */ = {isa = PBXFileReference; fileEncoding = 4; lastKnownFileType = sourcecode.cpp.h; name = cpu.hpp; path = ../../src/cpu.hpp; sourceTree = "<group>"; };
		46BA60D02B3B76780020C879 /* clocks.hpp */ = {isa = PBXFileReference; fileEncoding = 4; lastKnownFileType = sourcecode.cpp.h; name = clocks.hpp; path = ../../src/clocks.hpp; sourceTree = "<group>"; };
		46E53FEE2B72D81E0058BE66 /* rca.hpp */ = {isa = PBXFileReference; fileEncoding = 4; lastKnownFileType = sourcecode.cpp.h; name = rca.hpp; path = ../../src/rca.hpp; sourceTree = "<group>"; };
		46F181542B00E79800E7FDC8 /* mc6809_disassembler.cpp */ = {isa = PBXFileReference; fileEncoding = 4; lastKnownFileType = sourcecode.cpp.cpp; name = mc6809_disassembler.cpp; path = ../../src/MC6809/mc6809_disassembler.cpp; sourceTree = "<group>"; };
		46F181552B00E79800E7FDC8 /* mc6809_instructions.cpp */ = {isa = PBXFileReference; fileEncoding = 4; lastKnownFileType = sourcecode.cpp.cpp; name = mc6809_instructions.cpp; path = ../../src/MC6809/mc6809_instructions.cpp; sourceTree = "<group>"; };
		46F181562B00E79800E7FDC8 /* mc6809.hpp */ = {isa = PBXFileReference; fileEncoding = 4; lastKnownFileType = sourcecode.cpp.h; name = mc6809.hpp; path = ../../src/MC6809/mc6809.hpp; sourceTree = "<group>"; };
		46F181572B00E79800E7FDC8 /* mc6809_addressing_modes.cpp */ = {isa = PBXFileReference; fileEncoding = 4; lastKnownFileType = sourcecode.cpp.cpp; name = mc6809_addressing_modes.cpp; path = ../../src/MC6809/mc6809_addressing_modes.cpp; sourceTree = "<group>"; };
		46F181582B00E79800E7FDC8 /* mc6809.cpp */ = {isa = PBXFileReference; fileEncoding = 4; lastKnownFileType = sourcecode.cpp.cpp; name = mc6809.cpp; path = ../../src/MC6809/mc6809.cpp; sourceTree = "<group>"; };
/* End PBXFileReference section */

/* Begin PBXFrameworksBuildPhase section */
		466ABFFF2AFC218100ACA0CE /* Frameworks */ = {
			isa = PBXFrameworksBuildPhase;
			buildActionMask = 2147483647;
			files = (
				4602D30C2B0013B500D77BF3 /* SDL2.framework in Frameworks */,
			);
			runOnlyForDeploymentPostprocessing = 0;
		};
/* End PBXFrameworksBuildPhase section */

/* Begin PBXGroup section */
		4647EAB12B2E468300D0884E /* resid-0.16 */ = {
			isa = PBXGroup;
			children = (
				4647EAB52B2E46A500D0884E /* envelope.cc */,
				4647EABC2B2E46A500D0884E /* envelope.h */,
				4647EAC72B2E46A500D0884E /* extfilt.cc */,
				4647EAC32B2E46A500D0884E /* extfilt.h */,
				4647EABD2B2E46A500D0884E /* filter.cc */,
				4647EAC02B2E46A500D0884E /* filter.h */,
				4647EAB72B2E46A500D0884E /* pot.cc */,
				4647EAB92B2E46A500D0884E /* pot.h */,
				4647EAB32B2E46A500D0884E /* sid.cc */,
				4647EABE2B2E46A500D0884E /* sid.h */,
				4647EAC22B2E46A500D0884E /* siddefs.h */,
				4647EAC12B2E46A500D0884E /* spline.h */,
				4647EAC92B2E46A500D0884E /* version.cc */,
				4647EAC62B2E46A500D0884E /* voice.cc */,
				4647EAB42B2E46A500D0884E /* voice.h */,
				4647EACA2B2E46A500D0884E /* wave.cc */,
				4647EAB82B2E46A500D0884E /* wave.h */,
				4647EABF2B2E46A500D0884E /* wave6581__ST.cc */,
				4647EAC42B2E46A500D0884E /* wave6581_P_T.cc */,
				4647EAC82B2E46A500D0884E /* wave6581_PS_.cc */,
				4647EAB22B2E46A500D0884E /* wave6581_PST.cc */,
				4647EABB2B2E46A500D0884E /* wave8580__ST.cc */,
				4647EAB62B2E46A500D0884E /* wave8580_P_T.cc */,
				4647EABA2B2E46A500D0884E /* wave8580_PS_.cc */,
				4647EAC52B2E46A500D0884E /* wave8580_PST.cc */,
			);
			name = "resid-0.16";
			sourceTree = "<group>";
		};
		466282D92C15DA3600822655 /* lua */ = {
			isa = PBXGroup;
			children = (
				4679451C2C4A9F3900F16064 /* lapi.c */,
				467945232C4A9F3900F16064 /* lapi.h */,
				467945022C4A9F3800F16064 /* lauxlib.c */,
				467944F62C4A9F3800F16064 /* lauxlib.h */,
				467945062C4A9F3900F16064 /* lbaselib.c */,
				467944F92C4A9F3800F16064 /* lcode.c */,
				4679450A2C4A9F3900F16064 /* lcode.h */,
				4679450C2C4A9F3900F16064 /* lcorolib.c */,
				467945052C4A9F3900F16064 /* lctype.c */,
				467944F82C4A9F3800F16064 /* lctype.h */,
				467944EB2C4A9F3800F16064 /* ldblib.c */,
				4679450F2C4A9F3900F16064 /* ldebug.c */,
				4679451B2C4A9F3900F16064 /* ldebug.h */,
				4679451E2C4A9F3900F16064 /* ldo.c */,
				467945172C4A9F3900F16064 /* ldo.h */,
				467945042C4A9F3900F16064 /* ldump.c */,
				467944EC2C4A9F3800F16064 /* lfunc.c */,
				467945162C4A9F3900F16064 /* lfunc.h */,
				467945122C4A9F3900F16064 /* lgc.c */,
				4679451A2C4A9F3900F16064 /* lgc.h */,
				467944FD2C4A9F3800F16064 /* linit.c */,
				467945222C4A9F3900F16064 /* liolib.c */,
				467944EF2C4A9F3800F16064 /* ljumptab.h */,
				467944FB2C4A9F3800F16064 /* llex.c */,
				467944F02C4A9F3800F16064 /* llex.h */,
				4679450B2C4A9F3900F16064 /* llimits.h */,
				467944F72C4A9F3800F16064 /* lmathlib.c */,
				467945152C4A9F3900F16064 /* lmem.c */,
				467944FA2C4A9F3800F16064 /* lmem.h */,
				467945012C4A9F3800F16064 /* loadlib.c */,
				4679450D2C4A9F3900F16064 /* lobject.c */,
				467944F12C4A9F3800F16064 /* lobject.h */,
				467945082C4A9F3900F16064 /* lopcodes.c */,
				467945072C4A9F3900F16064 /* lopcodes.h */,
				467945142C4A9F3900F16064 /* lopnames.h */,
				467944ED2C4A9F3800F16064 /* loslib.c */,
				4679451D2C4A9F3900F16064 /* lparser.c */,
				467944F22C4A9F3800F16064 /* lparser.h */,
				467944EE2C4A9F3800F16064 /* lprefix.h */,
				467945212C4A9F3900F16064 /* lstate.c */,
				467945262C4A9F3900F16064 /* lstate.h */,
				467945132C4A9F3900F16064 /* lstring.c */,
				467945182C4A9F3900F16064 /* lstring.h */,
				467945192C4A9F3900F16064 /* lstrlib.c */,
				467944FE2C4A9F3800F16064 /* ltable.c */,
				467945032C4A9F3800F16064 /* ltable.h */,
				4679451F2C4A9F3900F16064 /* ltablib.c */,
				467945002C4A9F3800F16064 /* ltm.c */,
				467945092C4A9F3900F16064 /* ltm.h */,
				467944FF2C4A9F3800F16064 /* lua.h */,
				467944FC2C4A9F3800F16064 /* lua.hpp */,
				467944F42C4A9F3800F16064 /* luaconf.h */,
				467945242C4A9F3900F16064 /* lualib.h */,
				467945202C4A9F3900F16064 /* lundump.c */,
				4679450E2C4A9F3900F16064 /* lundump.h */,
				467945102C4A9F3900F16064 /* lutf8lib.c */,
				467944F52C4A9F3800F16064 /* lvm.c */,
				467944F32C4A9F3800F16064 /* lvm.h */,
				467945252C4A9F3900F16064 /* lzio.c */,
				467945112C4A9F3900F16064 /* lzio.h */,
			);
			name = lua;
			sourceTree = "<group>";
		};
		466ABFF92AFC218100ACA0CE = {
			isa = PBXGroup;
			children = (
				466AC0042AFC218100ACA0CE /* punch */,
				466AC0032AFC218100ACA0CE /* Products */,
				466AC01B2AFC25A500ACA0CE /* Frameworks */,
			);
			sourceTree = "<group>";
		};
		466AC0032AFC218100ACA0CE /* Products */ = {
			isa = PBXGroup;
			children = (
				466AC0022AFC218100ACA0CE /* punch.app */,
			);
			name = Products;
			sourceTree = "<group>";
		};
		466AC0042AFC218100ACA0CE /* punch */ = {
			isa = PBXGroup;
			children = (
				466AC0142AFC219C00ACA0CE /* src */,
				466AC0092AFC218200ACA0CE /* Assets.xcassets */,
				466AC00E2AFC218200ACA0CE /* punch.entitlements */,
				466AC00B2AFC218200ACA0CE /* Preview Content */,
			);
			path = punch;
			sourceTree = "<group>";
		};
		466AC00B2AFC218200ACA0CE /* Preview Content */ = {
			isa = PBXGroup;
			children = (
				466AC00C2AFC218200ACA0CE /* Preview Assets.xcassets */,
			);
			path = "Preview Content";
			sourceTree = "<group>";
		};
		466AC0142AFC219C00ACA0CE /* src */ = {
			isa = PBXGroup;
			children = (
				466282D92C15DA3600822655 /* lua */,
				46F181532B00E77E00E7FDC8 /* MC6809 */,
				4647EAB12B2E468300D0884E /* resid-0.16 */,
				4647EADD2B2E471400D0884E /* analog.cpp */,
				4647EADB2B2E471400D0884E /* analog.hpp */,
				4614F9F42B2E2A70005C9BE3 /* blitter.cpp */,
				4614F9F32B2E2A70005C9BE3 /* blitter.hpp */,
				46BA60D02B3B76780020C879 /* clocks.hpp */,
				466AC0232AFC29B100ACA0CE /* common.hpp */,
				4614F9F62B2E2B76005C9BE3 /* core.cpp */,
				4614F9F72B2E2B76005C9BE3 /* core.hpp */,
				469AE79F2B2E1E5D00EB3B08 /* cpu.cpp */,
				469AE7A02B2E1E5D00EB3B08 /* cpu.hpp */,
				4647EAA22B2E434000D0884E /* debugger.cpp */,
				4647EAA32B2E434000D0884E /* debugger.hpp */,
				461AD65E2B2E2642006BAD70 /* exceptions.cpp */,
				461AD65F2B2E2642006BAD70 /* exceptions.hpp */,
				467F90D92B9DB6AD00F3861E /* font_4x6.hpp */,
				4647EAA52B2E43BE00D0884E /* host.cpp */,
				4647EAA62B2E43BE00D0884E /* host.hpp */,
				4647EAA92B2E441300D0884E /* keyboard.cpp */,
				4647EAA82B2E441300D0884E /* keyboard.hpp */,
				4651A8DF2C246AD400B0D24E /* luna.cpp */,
				4651A8E02C246AD400B0D24E /* luna.hpp */,
				466AC0152AFC220900ACA0CE /* main.cpp */,
				46E53FEE2B72D81E0058BE66 /* rca.hpp */,
				4654C9842B3772E300AF2582 /* rom.cpp */,
				4647EADE2B2E471400D0884E /* sound.cpp */,
				4647EADC2B2E471400D0884E /* sound.hpp */,
				4644873E2B3CD6C4004B04BA /* stats.cpp */,
				4644873F2B3CD6C4004B04BA /* stats.hpp */,
				4614F9F02B2E29F3005C9BE3 /* system.cpp */,
				4614F9F12B2E29F3005C9BE3 /* system.hpp */,
				4647EAAB2B2E445A00D0884E /* terminal.cpp */,
				4647EAAC2B2E445A00D0884E /* terminal.hpp */,
				4647EAAE2B2E44CF00D0884E /* timer.cpp */,
				4647EAAF2B2E44CF00D0884E /* timer.hpp */,
			);
			name = src;
			sourceTree = "<group>";
		};
		466AC01B2AFC25A500ACA0CE /* Frameworks */ = {
			isa = PBXGroup;
			children = (
				4602D30B2B0013B500D77BF3 /* SDL2.framework */,
			);
			name = Frameworks;
			sourceTree = "<group>";
		};
		46F181532B00E77E00E7FDC8 /* MC6809 */ = {
			isa = PBXGroup;
			children = (
				46F181562B00E79800E7FDC8 /* mc6809.hpp */,
				46F181582B00E79800E7FDC8 /* mc6809.cpp */,
				46F181572B00E79800E7FDC8 /* mc6809_addressing_modes.cpp */,
				46F181542B00E79800E7FDC8 /* mc6809_disassembler.cpp */,
				46F181552B00E79800E7FDC8 /* mc6809_instructions.cpp */,
			);
			name = MC6809;
			sourceTree = "<group>";
		};
/* End PBXGroup section */

/* Begin PBXNativeTarget section */
		466AC0012AFC218100ACA0CE /* punch */ = {
			isa = PBXNativeTarget;
			buildConfigurationList = 466AC0112AFC218200ACA0CE /* Build configuration list for PBXNativeTarget "punch" */;
			buildPhases = (
				466ABFFE2AFC218100ACA0CE /* Sources */,
				466ABFFF2AFC218100ACA0CE /* Frameworks */,
				466AC0002AFC218100ACA0CE /* Resources */,
				466AC01F2AFC280B00ACA0CE /* Embed Frameworks */,
			);
			buildRules = (
			);
			dependencies = (
			);
			name = punch;
			productName = punch;
			productReference = 466AC0022AFC218100ACA0CE /* punch.app */;
			productType = "com.apple.product-type.application";
		};
/* End PBXNativeTarget section */

/* Begin PBXProject section */
		466ABFFA2AFC218100ACA0CE /* Project object */ = {
			isa = PBXProject;
			attributes = {
				BuildIndependentTargetsInParallel = 1;
				LastSwiftUpdateCheck = 1500;
				LastUpgradeCheck = 1540;
				TargetAttributes = {
					466AC0012AFC218100ACA0CE = {
						CreatedOnToolsVersion = 15.0.1;
					};
				};
			};
			buildConfigurationList = 466ABFFD2AFC218100ACA0CE /* Build configuration list for PBXProject "punch" */;
			compatibilityVersion = "Xcode 14.0";
			developmentRegion = en;
			hasScannedForEncodings = 0;
			knownRegions = (
				en,
				Base,
			);
			mainGroup = 466ABFF92AFC218100ACA0CE;
			productRefGroup = 466AC0032AFC218100ACA0CE /* Products */;
			projectDirPath = "";
			projectRoot = "";
			targets = (
				466AC0012AFC218100ACA0CE /* punch */,
			);
		};
/* End PBXProject section */

/* Begin PBXResourcesBuildPhase section */
		466AC0002AFC218100ACA0CE /* Resources */ = {
			isa = PBXResourcesBuildPhase;
			buildActionMask = 2147483647;
			files = (
				466AC00D2AFC218200ACA0CE /* Preview Assets.xcassets in Resources */,
				466AC00A2AFC218200ACA0CE /* Assets.xcassets in Resources */,
			);
			runOnlyForDeploymentPostprocessing = 0;
		};
/* End PBXResourcesBuildPhase section */

/* Begin PBXSourcesBuildPhase section */
		466ABFFE2AFC218100ACA0CE /* Sources */ = {
			isa = PBXSourcesBuildPhase;
			buildActionMask = 2147483647;
			files = (
				467945342C4A9F3900F16064 /* lctype.c in Sources */,
				4647EACB2B2E46A500D0884E /* wave6581_PST.cc in Sources */,
				46F1815A2B00E79800E7FDC8 /* mc6809_instructions.cpp in Sources */,
				46F1815B2B00E79800E7FDC8 /* mc6809_addressing_modes.cpp in Sources */,
				4614F9F52B2E2A70005C9BE3 /* blitter.cpp in Sources */,
				4654C9852B3772E300AF2582 /* rom.cpp in Sources */,
				4647EAE02B2E471400D0884E /* sound.cpp in Sources */,
				469AE7A12B2E1E5D00EB3B08 /* cpu.cpp in Sources */,
				467945352C4A9F3900F16064 /* lbaselib.c in Sources */,
				4647EACF2B2E46A500D0884E /* pot.cc in Sources */,
				4647EAAD2B2E445A00D0884E /* terminal.cpp in Sources */,
				4647EAD52B2E46A500D0884E /* wave8580_PST.cc in Sources */,
				467945362C4A9F3900F16064 /* lopcodes.c in Sources */,
				467945382C4A9F3900F16064 /* lobject.c in Sources */,
				4647EAD32B2E46A500D0884E /* wave6581__ST.cc in Sources */,
				467945322C4A9F3900F16064 /* lauxlib.c in Sources */,
				4647EACE2B2E46A500D0884E /* wave8580_P_T.cc in Sources */,
				4679452B2C4A9F3900F16064 /* lmathlib.c in Sources */,
				46F181592B00E79800E7FDC8 /* mc6809_disassembler.cpp in Sources */,
				4651A8E12C246AD400B0D24E /* luna.cpp in Sources */,
				467945372C4A9F3900F16064 /* lcorolib.c in Sources */,
				4647EAD62B2E46A500D0884E /* voice.cc in Sources */,
				4679453E2C4A9F3900F16064 /* lstrlib.c in Sources */,
				467945432C4A9F3900F16064 /* lundump.c in Sources */,
				467945312C4A9F3900F16064 /* loadlib.c in Sources */,
				4647EAAA2B2E441300D0884E /* keyboard.cpp in Sources */,
				467945302C4A9F3900F16064 /* ltm.c in Sources */,
				4647EADF2B2E471400D0884E /* analog.cpp in Sources */,
				4614F9F22B2E29F3005C9BE3 /* system.cpp in Sources */,
				4647EACD2B2E46A500D0884E /* envelope.cc in Sources */,
				4647EAD42B2E46A500D0884E /* wave6581_P_T.cc in Sources */,
				4679452C2C4A9F3900F16064 /* lcode.c in Sources */,
				4647EAD22B2E46A500D0884E /* filter.cc in Sources */,
				4647EACC2B2E46A500D0884E /* sid.cc in Sources */,
				4614F9F82B2E2B76005C9BE3 /* core.cpp in Sources */,
				4679453F2C4A9F3900F16064 /* lapi.c in Sources */,
				464487402B3CD6C4004B04BA /* stats.cpp in Sources */,
				4647EAD12B2E46A500D0884E /* wave8580__ST.cc in Sources */,
				467945402C4A9F3900F16064 /* lparser.c in Sources */,
				467945452C4A9F3900F16064 /* liolib.c in Sources */,
				4647EADA2B2E46A500D0884E /* wave.cc in Sources */,
				467945392C4A9F3900F16064 /* ldebug.c in Sources */,
				4679453C2C4A9F3900F16064 /* lstring.c in Sources */,
				4679453D2C4A9F3900F16064 /* lmem.c in Sources */,
				467945332C4A9F3900F16064 /* ldump.c in Sources */,
				467945272C4A9F3900F16064 /* ldblib.c in Sources */,
				4647EAA72B2E43BE00D0884E /* host.cpp in Sources */,
				46F1815C2B00E79800E7FDC8 /* mc6809.cpp in Sources */,
				4647EAD82B2E46A500D0884E /* wave6581_PS_.cc in Sources */,
				467945292C4A9F3900F16064 /* loslib.c in Sources */,
				4647EAB02B2E44CF00D0884E /* timer.cpp in Sources */,
				4679452D2C4A9F3900F16064 /* llex.c in Sources */,
				4647EAA42B2E434000D0884E /* debugger.cpp in Sources */,
				467945412C4A9F3900F16064 /* ldo.c in Sources */,
				467945422C4A9F3900F16064 /* ltablib.c in Sources */,
				4679452F2C4A9F3900F16064 /* ltable.c in Sources */,
				466AC0162AFC220900ACA0CE /* main.cpp in Sources */,
				4647EAD02B2E46A500D0884E /* wave8580_PS_.cc in Sources */,
				4647EAD72B2E46A500D0884E /* extfilt.cc in Sources */,
				4647EAD92B2E46A500D0884E /* version.cc in Sources */,
				4679452E2C4A9F3900F16064 /* linit.c in Sources */,
				4679452A2C4A9F3900F16064 /* lvm.c in Sources */,
				4679453A2C4A9F3900F16064 /* lutf8lib.c in Sources */,
				467945442C4A9F3900F16064 /* lstate.c in Sources */,
				4679453B2C4A9F3900F16064 /* lgc.c in Sources */,
				467945462C4A9F3900F16064 /* lzio.c in Sources */,
				467945282C4A9F3900F16064 /* lfunc.c in Sources */,
				461AD6602B2E2642006BAD70 /* exceptions.cpp in Sources */,
			);
			runOnlyForDeploymentPostprocessing = 0;
		};
/* End PBXSourcesBuildPhase section */

/* Begin XCBuildConfiguration section */
		466AC00F2AFC218200ACA0CE /* Debug */ = {
			isa = XCBuildConfiguration;
			buildSettings = {
				ALWAYS_SEARCH_USER_PATHS = NO;
				ASSETCATALOG_COMPILER_GENERATE_SWIFT_ASSET_SYMBOL_EXTENSIONS = YES;
				CLANG_ANALYZER_NONNULL = YES;
				CLANG_ANALYZER_NUMBER_OBJECT_CONVERSION = YES_AGGRESSIVE;
				CLANG_CXX_LANGUAGE_STANDARD = "gnu++20";
				CLANG_ENABLE_MODULES = YES;
				CLANG_ENABLE_OBJC_ARC = YES;
				CLANG_ENABLE_OBJC_WEAK = YES;
				CLANG_WARN_BLOCK_CAPTURE_AUTORELEASING = YES;
				CLANG_WARN_BOOL_CONVERSION = YES;
				CLANG_WARN_COMMA = YES;
				CLANG_WARN_CONSTANT_CONVERSION = YES;
				CLANG_WARN_DEPRECATED_OBJC_IMPLEMENTATIONS = YES;
				CLANG_WARN_DIRECT_OBJC_ISA_USAGE = YES_ERROR;
				CLANG_WARN_DOCUMENTATION_COMMENTS = YES;
				CLANG_WARN_EMPTY_BODY = YES;
				CLANG_WARN_ENUM_CONVERSION = YES;
				CLANG_WARN_INFINITE_RECURSION = YES;
				CLANG_WARN_INT_CONVERSION = YES;
				CLANG_WARN_NON_LITERAL_NULL_CONVERSION = YES;
				CLANG_WARN_OBJC_IMPLICIT_RETAIN_SELF = YES;
				CLANG_WARN_OBJC_LITERAL_CONVERSION = YES;
				CLANG_WARN_OBJC_ROOT_CLASS = YES_ERROR;
				CLANG_WARN_QUOTED_INCLUDE_IN_FRAMEWORK_HEADER = YES;
				CLANG_WARN_RANGE_LOOP_ANALYSIS = YES;
				CLANG_WARN_STRICT_PROTOTYPES = YES;
				CLANG_WARN_SUSPICIOUS_MOVE = YES;
				CLANG_WARN_UNGUARDED_AVAILABILITY = YES_AGGRESSIVE;
				CLANG_WARN_UNREACHABLE_CODE = YES;
				CLANG_WARN__DUPLICATE_METHOD_MATCH = YES;
				COPY_PHASE_STRIP = NO;
				DEAD_CODE_STRIPPING = YES;
				DEBUG_INFORMATION_FORMAT = dwarf;
				ENABLE_STRICT_OBJC_MSGSEND = YES;
				ENABLE_TESTABILITY = YES;
				ENABLE_USER_SCRIPT_SANDBOXING = YES;
				GCC_C_LANGUAGE_STANDARD = gnu17;
				GCC_DYNAMIC_NO_PIC = NO;
				GCC_NO_COMMON_BLOCKS = YES;
				GCC_OPTIMIZATION_LEVEL = 0;
				GCC_PREPROCESSOR_DEFINITIONS = (
					"DEBUG=1",
					"$(inherited)",
				);
				GCC_WARN_64_TO_32_BIT_CONVERSION = YES;
				GCC_WARN_ABOUT_RETURN_TYPE = YES_ERROR;
				GCC_WARN_UNDECLARED_SELECTOR = YES;
				GCC_WARN_UNINITIALIZED_AUTOS = YES_AGGRESSIVE;
				GCC_WARN_UNUSED_FUNCTION = YES;
				GCC_WARN_UNUSED_VARIABLE = YES;
				LOCALIZATION_PREFERS_STRING_CATALOGS = YES;
				MACOSX_DEPLOYMENT_TARGET = 14.0;
				MTL_ENABLE_DEBUG_INFO = INCLUDE_SOURCE;
				MTL_FAST_MATH = YES;
				ONLY_ACTIVE_ARCH = YES;
				SDKROOT = macosx;
				SWIFT_ACTIVE_COMPILATION_CONDITIONS = "DEBUG $(inherited)";
				SWIFT_OPTIMIZATION_LEVEL = "-Onone";
			};
			name = Debug;
		};
		466AC0102AFC218200ACA0CE /* Release */ = {
			isa = XCBuildConfiguration;
			buildSettings = {
				ALWAYS_SEARCH_USER_PATHS = NO;
				ASSETCATALOG_COMPILER_GENERATE_SWIFT_ASSET_SYMBOL_EXTENSIONS = YES;
				CLANG_ANALYZER_NONNULL = YES;
				CLANG_ANALYZER_NUMBER_OBJECT_CONVERSION = YES_AGGRESSIVE;
				CLANG_CXX_LANGUAGE_STANDARD = "gnu++20";
				CLANG_ENABLE_MODULES = YES;
				CLANG_ENABLE_OBJC_ARC = YES;
				CLANG_ENABLE_OBJC_WEAK = YES;
				CLANG_WARN_BLOCK_CAPTURE_AUTORELEASING = YES;
				CLANG_WARN_BOOL_CONVERSION = YES;
				CLANG_WARN_COMMA = YES;
				CLANG_WARN_CONSTANT_CONVERSION = YES;
				CLANG_WARN_DEPRECATED_OBJC_IMPLEMENTATIONS = YES;
				CLANG_WARN_DIRECT_OBJC_ISA_USAGE = YES_ERROR;
				CLANG_WARN_DOCUMENTATION_COMMENTS = YES;
				CLANG_WARN_EMPTY_BODY = YES;
				CLANG_WARN_ENUM_CONVERSION = YES;
				CLANG_WARN_INFINITE_RECURSION = YES;
				CLANG_WARN_INT_CONVERSION = YES;
				CLANG_WARN_NON_LITERAL_NULL_CONVERSION = YES;
				CLANG_WARN_OBJC_IMPLICIT_RETAIN_SELF = YES;
				CLANG_WARN_OBJC_LITERAL_CONVERSION = YES;
				CLANG_WARN_OBJC_ROOT_CLASS = YES_ERROR;
				CLANG_WARN_QUOTED_INCLUDE_IN_FRAMEWORK_HEADER = YES;
				CLANG_WARN_RANGE_LOOP_ANALYSIS = YES;
				CLANG_WARN_STRICT_PROTOTYPES = YES;
				CLANG_WARN_SUSPICIOUS_MOVE = YES;
				CLANG_WARN_UNGUARDED_AVAILABILITY = YES_AGGRESSIVE;
				CLANG_WARN_UNREACHABLE_CODE = YES;
				CLANG_WARN__DUPLICATE_METHOD_MATCH = YES;
				COPY_PHASE_STRIP = NO;
				DEAD_CODE_STRIPPING = YES;
				DEBUG_INFORMATION_FORMAT = "dwarf-with-dsym";
				ENABLE_NS_ASSERTIONS = NO;
				ENABLE_STRICT_OBJC_MSGSEND = YES;
				ENABLE_USER_SCRIPT_SANDBOXING = YES;
				GCC_C_LANGUAGE_STANDARD = gnu17;
				GCC_NO_COMMON_BLOCKS = YES;
				GCC_WARN_64_TO_32_BIT_CONVERSION = YES;
				GCC_WARN_ABOUT_RETURN_TYPE = YES_ERROR;
				GCC_WARN_UNDECLARED_SELECTOR = YES;
				GCC_WARN_UNINITIALIZED_AUTOS = YES_AGGRESSIVE;
				GCC_WARN_UNUSED_FUNCTION = YES;
				GCC_WARN_UNUSED_VARIABLE = YES;
				LOCALIZATION_PREFERS_STRING_CATALOGS = YES;
				MACOSX_DEPLOYMENT_TARGET = 14.0;
				MTL_ENABLE_DEBUG_INFO = NO;
				MTL_FAST_MATH = YES;
				SDKROOT = macosx;
				SWIFT_COMPILATION_MODE = wholemodule;
			};
			name = Release;
		};
		466AC0122AFC218200ACA0CE /* Debug */ = {
			isa = XCBuildConfiguration;
			buildSettings = {
				ASSETCATALOG_COMPILER_APPICON_NAME = AppIcon;
				ASSETCATALOG_COMPILER_GLOBAL_ACCENT_COLOR_NAME = AccentColor;
				CODE_SIGN_ENTITLEMENTS = punch/punch.entitlements;
				CODE_SIGN_STYLE = Automatic;
				COMBINE_HIDPI_IMAGES = YES;
				CURRENT_PROJECT_VERSION = 1;
				DEAD_CODE_STRIPPING = YES;
				DEVELOPMENT_ASSET_PATHS = "\"punch/Preview Content\"";
				DEVELOPMENT_TEAM = HT34RQMQU3;
				ENABLE_HARDENED_RUNTIME = YES;
				ENABLE_PREVIEWS = YES;
				FRAMEWORK_SEARCH_PATHS = (
					"$(inherited)",
					"$(LOCAL_LIBRARY_DIR)/Frameworks",
				);
				GCC_OPTIMIZATION_LEVEL = 0;
				GENERATE_INFOPLIST_FILE = YES;
				INFOPLIST_KEY_NSHumanReadableCopyright = "";
				LD_RUNPATH_SEARCH_PATHS = (
					"$(inherited)",
					"@executable_path/../Frameworks",
				);
				MARKETING_VERSION = 1.0;
				PRODUCT_BUNDLE_IDENTIFIER = com.elmerucr.punch;
				PRODUCT_NAME = "$(TARGET_NAME)";
				SWIFT_EMIT_LOC_STRINGS = YES;
				SWIFT_VERSION = 5.0;
			};
			name = Debug;
		};
		466AC0132AFC218200ACA0CE /* Release */ = {
			isa = XCBuildConfiguration;
			buildSettings = {
				ASSETCATALOG_COMPILER_APPICON_NAME = AppIcon;
				ASSETCATALOG_COMPILER_GLOBAL_ACCENT_COLOR_NAME = AccentColor;
				CODE_SIGN_ENTITLEMENTS = punch/punch.entitlements;
				CODE_SIGN_STYLE = Automatic;
				COMBINE_HIDPI_IMAGES = YES;
				CURRENT_PROJECT_VERSION = 1;
				DEAD_CODE_STRIPPING = YES;
				DEVELOPMENT_ASSET_PATHS = "\"punch/Preview Content\"";
				DEVELOPMENT_TEAM = HT34RQMQU3;
				ENABLE_HARDENED_RUNTIME = YES;
				ENABLE_PREVIEWS = YES;
				FRAMEWORK_SEARCH_PATHS = (
					"$(inherited)",
					"$(LOCAL_LIBRARY_DIR)/Frameworks",
				);
				GENERATE_INFOPLIST_FILE = YES;
				INFOPLIST_KEY_NSHumanReadableCopyright = "";
				LD_RUNPATH_SEARCH_PATHS = (
					"$(inherited)",
					"@executable_path/../Frameworks",
				);
				MARKETING_VERSION = 1.0;
				PRODUCT_BUNDLE_IDENTIFIER = com.elmerucr.punch;
				PRODUCT_NAME = "$(TARGET_NAME)";
				SWIFT_EMIT_LOC_STRINGS = YES;
				SWIFT_VERSION = 5.0;
			};
			name = Release;
		};
/* End XCBuildConfiguration section */

/* Begin XCConfigurationList section */
		466ABFFD2AFC218100ACA0CE /* Build configuration list for PBXProject "punch" */ = {
			isa = XCConfigurationList;
			buildConfigurations = (
				466AC00F2AFC218200ACA0CE /* Debug */,
				466AC0102AFC218200ACA0CE /* Release */,
			);
			defaultConfigurationIsVisible = 0;
			defaultConfigurationName = Release;
		};
		466AC0112AFC218200ACA0CE /* Build configuration list for PBXNativeTarget "punch" */ = {
			isa = XCConfigurationList;
			buildConfigurations = (
				466AC0122AFC218200ACA0CE /* Debug */,
				466AC0132AFC218200ACA0CE /* Release */,
			);
			defaultConfigurationIsVisible = 0;
			defaultConfigurationName = Release;
		};
/* End XCConfigurationList section */
	};
	rootObject = 466ABFFA2AFC218100ACA0CE /* Project object */;
}
